
Microsoft Visual Studio Solution File, Format Version 12.00
# Visual Studio 15
Project("{FAE04EC0-301F-11D3-BF4B-00C04F79EFBC}") = "Unity.Timeline", "Unity.Timeline.csproj", "{59E77A57-5EE3-EBA5-F41C-D02AB307829D}"
EndProject
Project("{FAE04EC0-301F-11D3-BF4B-00C04F79EFBC}") = "Unity.Timeline.Editor", "Unity.Timeline.Editor.csproj", "{12928529-F29A-AD41-4CB3-9A99B73591F8}"
EndProject
Project("{FAE04EC0-301F-11D3-BF4B-00C04F79EFBC}") = "PhotonRealtime", "PhotonRealtime.csproj", "{08B26506-AACB-1C3C-F9D5-0815C441526C}"
EndProject
Project("{FAE04EC0-301F-11D3-BF4B-00C04F79EFBC}") = "Unity.2D.Tilemap.Editor", "Unity.2D.Tilemap.Editor.csproj", "{9FC7DB43-CE7D-1BD1-6CE2-5D9CBB29BC6E}"
EndProject
Project("{FAE04EC0-301F-11D3-BF4B-00C04F79EFBC}") = "Unity.TextMeshPro.Editor", "Unity.TextMeshPro.Editor.csproj", "{4EEEE2B3-3E82-2E65-2EF9-3D736633F227}"
EndProject
Project("{FAE04EC0-301F-11D3-BF4B-00C04F79EFBC}") = "Unity.PlasticSCM.Editor", "Unity.PlasticSCM.Editor.csproj", "{1FA6C82C-45A7-ADF3-C053-D439F23AF424}"
EndProject
Project("{FAE04EC0-301F-11D3-BF4B-00C04F79EFBC}") = "PhotonUnityNetworking.Demos", "PhotonUnityNetworking.Demos.csproj", "{1762D3C5-DC96-3E4D-0982-517811ABC57E}"
EndProject
Project("{FAE04EC0-301F-11D3-BF4B-00C04F79EFBC}") = "UnityEditor.UI", "UnityEditor.UI.csproj", "{36DE9DFF-D325-48C5-6518-ACDB1BEF85ED}"
EndProject
Project("{FAE04EC0-301F-11D3-BF4B-00C04F79EFBC}") = "PhotonChat", "PhotonChat.csproj", "{7D078B3B-843B-7BFB-8CC9-14AC2A1AD341}"
EndProject
Project("{FAE04EC0-301F-11D3-BF4B-00C04F79EFBC}") = "Unity.2D.Sprite.Editor", "Unity.2D.Sprite.Editor.csproj", "{5CEB83DA-3AA8-0ED2-806C-73D0FFF20FA3}"
EndProject
Project("{FAE04EC0-301F-11D3-BF4B-00C04F79EFBC}") = "UnityEditor.TestRunner", "UnityEditor.TestRunner.csproj", "{2DC67EFC-600C-8131-DF25-92FB73D49D4C}"
EndProject
Project("{FAE04EC0-301F-11D3-BF4B-00C04F79EFBC}") = "UnityEngine.TestRunner", "UnityEngine.TestRunner.csproj", "{1A971A86-DB2D-05EA-37DA-813E5E59EEA7}"
EndProject
Project("{FAE04EC0-301F-11D3-BF4B-00C04F79EFBC}") = "UnityEngine.UI", "UnityEngine.UI.csproj", "{5A5B9BEE-28BA-874C-9CBB-81BADCDD2690}"
EndProject
Project("{FAE04EC0-301F-11D3-BF4B-00C04F79EFBC}") = "Unity.Rider.Editor", "Unity.Rider.Editor.csproj", "{4EBCA57C-FC99-1495-97B4-037780B371DE}"
EndProject
Project("{FAE04EC0-301F-11D3-BF4B-00C04F79EFBC}") = "Assembly-CSharp", "Assembly-CSharp.csproj", "{9EA8F257-4E51-C867-51BC-FE0D38322B80}"
EndProject
Project("{FAE04EC0-301F-11D3-BF4B-00C04F79EFBC}") = "PhotonUnityNetworking", "PhotonUnityNetworking.csproj", "{5E6299DD-473E-C31E-C179-8D26ADB5EE84}"
EndProject
Project("{FAE04EC0-301F-11D3-BF4B-00C04F79EFBC}") = "Unity.AI.Navigation.Editor", "Unity.AI.Navigation.Editor.csproj", "{5B82E2C9-45C8-3EC6-ADFF-DAAF9BF344FA}"
EndProject
Project("{FAE04EC0-301F-11D3-BF4B-00C04F79EFBC}") = "Unity.VisualStudio.Editor", "Unity.VisualStudio.Editor.csproj", "{4E2BD191-84E1-5064-5D7F-D4EB47FD1D04}"
EndProject
Project("{FAE04EC0-301F-11D3-BF4B-00C04F79EFBC}") = "Unity.TextMeshPro", "Unity.TextMeshPro.csproj", "{A1EF2838-588B-0084-3293-4375C8102DF1}"
EndProject
Project("{FAE04EC0-301F-11D3-BF4B-00C04F79EFBC}") = "Unity.Postprocessing.Runtime", "Unity.Postprocessing.Runtime.csproj", "{58392950-4310-3529-525B-5782B1B4FBCE}"
EndProject
Project("{FAE04EC0-301F-11D3-BF4B-00C04F79EFBC}") = "PhotonUnityNetworking.Editor", "PhotonUnityNetworking.Editor.csproj", "{2C7A4CDE-BF7D-800F-1501-F1181496FC5C}"
EndProject
Project("{FAE04EC0-301F-11D3-BF4B-00C04F79EFBC}") = "Unity.AI.Navigation", "Unity.AI.Navigation.csproj", "{436ED7C5-8F34-E466-E8CF-E07CFD5C6BF6}"
EndProject
Project("{FAE04EC0-301F-11D3-BF4B-00C04F79EFBC}") = "PhotonUnityNetworking.Utilities.Culling.Editor", "PhotonUnityNetworking.Utilities.Culling.Editor.csproj", "{CC0F953D-88D7-3250-FD55-86F7BF04E5EE}"
EndProject
Project("{FAE04EC0-301F-11D3-BF4B-00C04F79EFBC}") = "UnityEngine.XR.LegacyInputHelpers", "UnityEngine.XR.LegacyInputHelpers.csproj", "{A1D2B42E-7A84-4D26-8E20-9B7D3EE61EB6}"
EndProject
Project("{FAE04EC0-301F-11D3-BF4B-00C04F79EFBC}") = "PunDemos.DemoSlotcarEditor", "PunDemos.DemoSlotcarEditor.csproj", "{C1F2537E-E320-A2EF-49B0-B81BF93341E8}"
EndProject
Project("{FAE04EC0-301F-11D3-BF4B-00C04F79EFBC}") = "Unity.AI.Navigation.Editor.ConversionSystem", "Unity.AI.Navigation.Editor.ConversionSystem.csproj", "{465146D6-EC20-2BF3-40F1-AE2D4CA30920}"
EndProject
Project("{FAE04EC0-301F-11D3-BF4B-00C04F79EFBC}") = "UnityEditor.XR.LegacyInputHelpers", "UnityEditor.XR.LegacyInputHelpers.csproj", "{EC80FAE6-35CE-EBE8-4D70-A048BDE2C128}"
EndProject
Project("{FAE04EC0-301F-11D3-BF4B-00C04F79EFBC}") = "Unity.Postprocessing.Editor", "Unity.Postprocessing.Editor.csproj", "{A90FF815-03D8-3686-DE98-AA68CFB4B355}"
EndProject
Project("{FAE04EC0-301F-11D3-BF4B-00C04F79EFBC}") = "PhotonUnityNetworking.Utilities", "PhotonUnityNetworking.Utilities.csproj", "{610B7C56-E1AA-4F1C-08C0-35CAEB4703E7}"
EndProject
Project("{FAE04EC0-301F-11D3-BF4B-00C04F79EFBC}") = "Unity.VSCode.Editor", "Unity.VSCode.Editor.csproj", "{394F12CB-E963-9F40-08FB-58CD42E5FE9B}"
EndProject
Project("{FAE04EC0-301F-11D3-BF4B-00C04F79EFBC}") = "Assembly-CSharp-Editor", "Assembly-CSharp-Editor.csproj", "{969E4BBE-6BA4-C05C-5D1C-B1B913AA7186}"
EndProject
Project("{FAE04EC0-301F-11D3-BF4B-00C04F79EFBC}") = "PhotonUnityNetworking.Utilities.PhotonPlayer.Editor", "PhotonUnityNetworking.Utilities.PhotonPlayer.Editor.csproj", "{CE97E7D0-EA32-D4FC-3354-BCE2B37FFF98}"
EndProject
Project("{FAE04EC0-301F-11D3-BF4B-00C04F79EFBC}") = "Unity.AI.Navigation.Updater", "Unity.AI.Navigation.Updater.csproj", "{45FBBB72-CCC9-8DF0-EE31-918535DA9195}"
EndProject
Project("{FAE04EC0-301F-11D3-BF4B-00C04F79EFBC}") = "PunDemos.DemoHubEditor", "PunDemos.DemoHubEditor.csproj", "{4EE3A80C-0D2F-A33E-799B-3EE2F619CD5D}"
EndProject
Project("{FAE04EC0-301F-11D3-BF4B-00C04F79EFBC}") = "UnityEditor.SpatialTracking", "UnityEditor.SpatialTracking.csproj", "{07FD7311-992B-97A1-BF33-F28CD39345FD}"
EndProject
Project("{FAE04EC0-301F-11D3-BF4B-00C04F79EFBC}") = "UnityEngine.SpatialTracking", "UnityEngine.SpatialTracking.csproj", "{09B20A69-6FC8-31F4-2D51-4E6D65DE5E65}"
EndProject
Project("{FAE04EC0-301F-11D3-BF4B-00C04F79EFBC}") = "Unity.CollabProxy.Editor", "Unity.CollabProxy.Editor.csproj", "{7284D9BE-5BDC-8C10-CDFC-B2655F4E610F}"
EndProject
Project("{FAE04EC0-301F-11D3-BF4B-00C04F79EFBC}") = "Unity.Timeline", "Unity.Timeline.Player.csproj", "{4B926B67-7A13-85A5-216E-3DEC75C070B1}"
EndProject
Project("{FAE04EC0-301F-11D3-BF4B-00C04F79EFBC}") = "PhotonRealtime", "PhotonRealtime.Player.csproj", "{1DD14B5F-234B-DADE-4A49-83085182D640}"
EndProject
Project("{FAE04EC0-301F-11D3-BF4B-00C04F79EFBC}") = "PhotonUnityNetworking.Demos", "PhotonUnityNetworking.Demos.Player.csproj", "{088E3EB3-63E6-1E6C-AAA7-C23F99C6774A}"
EndProject
Project("{FAE04EC0-301F-11D3-BF4B-00C04F79EFBC}") = "PhotonChat", "PhotonChat.Player.csproj", "{95A4181C-2D89-D5A1-2881-99B46D1FEA11}"
EndProject
Project("{FAE04EC0-301F-11D3-BF4B-00C04F79EFBC}") = "UnityEngine.TestRunner", "UnityEngine.TestRunner.Player.csproj", "{E8A092FB-FBF3-9C94-2735-12FDE8D930CF}"
EndProject
Project("{FAE04EC0-301F-11D3-BF4B-00C04F79EFBC}") = "UnityEngine.UI", "UnityEngine.UI.Player.csproj", "{1A651D16-E2B5-5534-6598-1D319593A546}"
EndProject
Project("{FAE04EC0-301F-11D3-BF4B-00C04F79EFBC}") = "Assembly-CSharp", "Assembly-CSharp.Player.csproj", "{53BD5368-1845-A1B2-05DC-9BF75BE92040}"
EndProject
Project("{FAE04EC0-301F-11D3-BF4B-00C04F79EFBC}") = "PhotonUnityNetworking", "PhotonUnityNetworking.Player.csproj", "{136EFE83-8150-A628-690B-7923FB1BB631}"
EndProject
Project("{FAE04EC0-301F-11D3-BF4B-00C04F79EFBC}") = "Unity.TextMeshPro", "Unity.TextMeshPro.Player.csproj", "{B8940315-EAE0-FA89-5010-46C3D0749A5C}"
EndProject
Project("{FAE04EC0-301F-11D3-BF4B-00C04F79EFBC}") = "Unity.Postprocessing.Runtime", "Unity.Postprocessing.Runtime.Player.csproj", "{1580BADE-B62B-ADB5-631B-0C90D7D20ACE}"
EndProject
Project("{FAE04EC0-301F-11D3-BF4B-00C04F79EFBC}") = "Unity.AI.Navigation", "Unity.AI.Navigation.Player.csproj", "{1FB31D0A-6A98-29A2-27F8-331E3C6BF2A0}"
EndProject
Project("{FAE04EC0-301F-11D3-BF4B-00C04F79EFBC}") = "UnityEngine.XR.LegacyInputHelpers", "UnityEngine.XR.LegacyInputHelpers.Player.csproj", "{4D5EC167-1F03-D7AE-1639-152062E5C84A}"
EndProject
Project("{FAE04EC0-301F-11D3-BF4B-00C04F79EFBC}") = "PhotonUnityNetworking.Utilities", "PhotonUnityNetworking.Utilities.Player.csproj", "{9B3E1EA7-31D6-8AB0-A4EE-0B7E19C74DF0}"
EndProject
Project("{FAE04EC0-301F-11D3-BF4B-00C04F79EFBC}") = "UnityEngine.SpatialTracking", "UnityEngine.SpatialTracking.Player.csproj", "{EF430465-C4DC-D858-A6F5-DDECB9532CF4}"
EndProject
Global
	GlobalSection(SolutionConfigurationPlatforms) = preSolution
		Debug|Any CPU = Debug|Any CPU
		Release|Any CPU = Release|Any CPU
	EndGlobalSection
	GlobalSection(ProjectConfigurationPlatforms) = postSolution
		{59E77A57-5EE3-EBA5-F41C-D02AB307829D}.Debug|Any CPU.ActiveCfg = Debug|Any CPU
		{59E77A57-5EE3-EBA5-F41C-D02AB307829D}.Debug|Any CPU.Build.0 = Debug|Any CPU
		{59E77A57-5EE3-EBA5-F41C-D02AB307829D}.Release|Any CPU.ActiveCfg = Release|Any CPU
		{59E77A57-5EE3-EBA5-F41C-D02AB307829D}.Release|Any CPU.Build.0 = Release|Any CPU
		{12928529-F29A-AD41-4CB3-9A99B73591F8}.Debug|Any CPU.ActiveCfg = Debug|Any CPU
		{12928529-F29A-AD41-4CB3-9A99B73591F8}.Debug|Any CPU.Build.0 = Debug|Any CPU
		{12928529-F29A-AD41-4CB3-9A99B73591F8}.Release|Any CPU.ActiveCfg = Release|Any CPU
		{12928529-F29A-AD41-4CB3-9A99B73591F8}.Release|Any CPU.Build.0 = Release|Any CPU
		{08B26506-AACB-1C3C-F9D5-0815C441526C}.Debug|Any CPU.ActiveCfg = Debug|Any CPU
		{08B26506-AACB-1C3C-F9D5-0815C441526C}.Debug|Any CPU.Build.0 = Debug|Any CPU
		{08B26506-AACB-1C3C-F9D5-0815C441526C}.Release|Any CPU.ActiveCfg = Release|Any CPU
		{08B26506-AACB-1C3C-F9D5-0815C441526C}.Release|Any CPU.Build.0 = Release|Any CPU
		{9FC7DB43-CE7D-1BD1-6CE2-5D9CBB29BC6E}.Debug|Any CPU.ActiveCfg = Debug|Any CPU
		{9FC7DB43-CE7D-1BD1-6CE2-5D9CBB29BC6E}.Debug|Any CPU.Build.0 = Debug|Any CPU
		{9FC7DB43-CE7D-1BD1-6CE2-5D9CBB29BC6E}.Release|Any CPU.ActiveCfg = Release|Any CPU
		{9FC7DB43-CE7D-1BD1-6CE2-5D9CBB29BC6E}.Release|Any CPU.Build.0 = Release|Any CPU
		{4EEEE2B3-3E82-2E65-2EF9-3D736633F227}.Debug|Any CPU.ActiveCfg = Debug|Any CPU
		{4EEEE2B3-3E82-2E65-2EF9-3D736633F227}.Debug|Any CPU.Build.0 = Debug|Any CPU
		{4EEEE2B3-3E82-2E65-2EF9-3D736633F227}.Release|Any CPU.ActiveCfg = Release|Any CPU
		{4EEEE2B3-3E82-2E65-2EF9-3D736633F227}.Release|Any CPU.Build.0 = Release|Any CPU
		{1FA6C82C-45A7-ADF3-C053-D439F23AF424}.Debug|Any CPU.ActiveCfg = Debug|Any CPU
		{1FA6C82C-45A7-ADF3-C053-D439F23AF424}.Debug|Any CPU.Build.0 = Debug|Any CPU
		{1FA6C82C-45A7-ADF3-C053-D439F23AF424}.Release|Any CPU.ActiveCfg = Release|Any CPU
		{1FA6C82C-45A7-ADF3-C053-D439F23AF424}.Release|Any CPU.Build.0 = Release|Any CPU
		{1762D3C5-DC96-3E4D-0982-517811ABC57E}.Debug|Any CPU.ActiveCfg = Debug|Any CPU
		{1762D3C5-DC96-3E4D-0982-517811ABC57E}.Debug|Any CPU.Build.0 = Debug|Any CPU
		{1762D3C5-DC96-3E4D-0982-517811ABC57E}.Release|Any CPU.ActiveCfg = Release|Any CPU
		{1762D3C5-DC96-3E4D-0982-517811ABC57E}.Release|Any CPU.Build.0 = Release|Any CPU
		{36DE9DFF-D325-48C5-6518-ACDB1BEF85ED}.Debug|Any CPU.ActiveCfg = Debug|Any CPU
		{36DE9DFF-D325-48C5-6518-ACDB1BEF85ED}.Debug|Any CPU.Build.0 = Debug|Any CPU
		{36DE9DFF-D325-48C5-6518-ACDB1BEF85ED}.Release|Any CPU.ActiveCfg = Release|Any CPU
		{36DE9DFF-D325-48C5-6518-ACDB1BEF85ED}.Release|Any CPU.Build.0 = Release|Any CPU
		{7D078B3B-843B-7BFB-8CC9-14AC2A1AD341}.Debug|Any CPU.ActiveCfg = Debug|Any CPU
		{7D078B3B-843B-7BFB-8CC9-14AC2A1AD341}.Debug|Any CPU.Build.0 = Debug|Any CPU
		{7D078B3B-843B-7BFB-8CC9-14AC2A1AD341}.Release|Any CPU.ActiveCfg = Release|Any CPU
		{7D078B3B-843B-7BFB-8CC9-14AC2A1AD341}.Release|Any CPU.Build.0 = Release|Any CPU
		{5CEB83DA-3AA8-0ED2-806C-73D0FFF20FA3}.Debug|Any CPU.ActiveCfg = Debug|Any CPU
		{5CEB83DA-3AA8-0ED2-806C-73D0FFF20FA3}.Debug|Any CPU.Build.0 = Debug|Any CPU
		{5CEB83DA-3AA8-0ED2-806C-73D0FFF20FA3}.Release|Any CPU.ActiveCfg = Release|Any CPU
		{5CEB83DA-3AA8-0ED2-806C-73D0FFF20FA3}.Release|Any CPU.Build.0 = Release|Any CPU
		{2DC67EFC-600C-8131-DF25-92FB73D49D4C}.Debug|Any CPU.ActiveCfg = Debug|Any CPU
		{2DC67EFC-600C-8131-DF25-92FB73D49D4C}.Debug|Any CPU.Build.0 = Debug|Any CPU
		{2DC67EFC-600C-8131-DF25-92FB73D49D4C}.Release|Any CPU.ActiveCfg = Release|Any CPU
		{2DC67EFC-600C-8131-DF25-92FB73D49D4C}.Release|Any CPU.Build.0 = Release|Any CPU
		{1A971A86-DB2D-05EA-37DA-813E5E59EEA7}.Debug|Any CPU.ActiveCfg = Debug|Any CPU
		{1A971A86-DB2D-05EA-37DA-813E5E59EEA7}.Debug|Any CPU.Build.0 = Debug|Any CPU
		{1A971A86-DB2D-05EA-37DA-813E5E59EEA7}.Release|Any CPU.ActiveCfg = Release|Any CPU
		{1A971A86-DB2D-05EA-37DA-813E5E59EEA7}.Release|Any CPU.Build.0 = Release|Any CPU
		{5A5B9BEE-28BA-874C-9CBB-81BADCDD2690}.Debug|Any CPU.ActiveCfg = Debug|Any CPU
		{5A5B9BEE-28BA-874C-9CBB-81BADCDD2690}.Debug|Any CPU.Build.0 = Debug|Any CPU
		{5A5B9BEE-28BA-874C-9CBB-81BADCDD2690}.Release|Any CPU.ActiveCfg = Release|Any CPU
		{5A5B9BEE-28BA-874C-9CBB-81BADCDD2690}.Release|Any CPU.Build.0 = Release|Any CPU
		{4EBCA57C-FC99-1495-97B4-037780B371DE}.Debug|Any CPU.ActiveCfg = Debug|Any CPU
		{4EBCA57C-FC99-1495-97B4-037780B371DE}.Debug|Any CPU.Build.0 = Debug|Any CPU
		{4EBCA57C-FC99-1495-97B4-037780B371DE}.Release|Any CPU.ActiveCfg = Release|Any CPU
		{4EBCA57C-FC99-1495-97B4-037780B371DE}.Release|Any CPU.Build.0 = Release|Any CPU
		{9EA8F257-4E51-C867-51BC-FE0D38322B80}.Debug|Any CPU.ActiveCfg = Debug|Any CPU
		{9EA8F257-4E51-C867-51BC-FE0D38322B80}.Debug|Any CPU.Build.0 = Debug|Any CPU
		{9EA8F257-4E51-C867-51BC-FE0D38322B80}.Release|Any CPU.ActiveCfg = Release|Any CPU
		{9EA8F257-4E51-C867-51BC-FE0D38322B80}.Release|Any CPU.Build.0 = Release|Any CPU
		{5E6299DD-473E-C31E-C179-8D26ADB5EE84}.Debug|Any CPU.ActiveCfg = Debug|Any CPU
		{5E6299DD-473E-C31E-C179-8D26ADB5EE84}.Debug|Any CPU.Build.0 = Debug|Any CPU
		{5E6299DD-473E-C31E-C179-8D26ADB5EE84}.Release|Any CPU.ActiveCfg = Release|Any CPU
		{5E6299DD-473E-C31E-C179-8D26ADB5EE84}.Release|Any CPU.Build.0 = Release|Any CPU
		{5B82E2C9-45C8-3EC6-ADFF-DAAF9BF344FA}.Debug|Any CPU.ActiveCfg = Debug|Any CPU
		{5B82E2C9-45C8-3EC6-ADFF-DAAF9BF344FA}.Debug|Any CPU.Build.0 = Debug|Any CPU
		{5B82E2C9-45C8-3EC6-ADFF-DAAF9BF344FA}.Release|Any CPU.ActiveCfg = Release|Any CPU
		{5B82E2C9-45C8-3EC6-ADFF-DAAF9BF344FA}.Release|Any CPU.Build.0 = Release|Any CPU
		{4E2BD191-84E1-5064-5D7F-D4EB47FD1D04}.Debug|Any CPU.ActiveCfg = Debug|Any CPU
		{4E2BD191-84E1-5064-5D7F-D4EB47FD1D04}.Debug|Any CPU.Build.0 = Debug|Any CPU
		{4E2BD191-84E1-5064-5D7F-D4EB47FD1D04}.Release|Any CPU.ActiveCfg = Release|Any CPU
		{4E2BD191-84E1-5064-5D7F-D4EB47FD1D04}.Release|Any CPU.Build.0 = Release|Any CPU
		{A1EF2838-588B-0084-3293-4375C8102DF1}.Debug|Any CPU.ActiveCfg = Debug|Any CPU
		{A1EF2838-588B-0084-3293-4375C8102DF1}.Debug|Any CPU.Build.0 = Debug|Any CPU
		{A1EF2838-588B-0084-3293-4375C8102DF1}.Release|Any CPU.ActiveCfg = Release|Any CPU
		{A1EF2838-588B-0084-3293-4375C8102DF1}.Release|Any CPU.Build.0 = Release|Any CPU
		{58392950-4310-3529-525B-5782B1B4FBCE}.Debug|Any CPU.ActiveCfg = Debug|Any CPU
		{58392950-4310-3529-525B-5782B1B4FBCE}.Debug|Any CPU.Build.0 = Debug|Any CPU
		{58392950-4310-3529-525B-5782B1B4FBCE}.Release|Any CPU.ActiveCfg = Release|Any CPU
		{58392950-4310-3529-525B-5782B1B4FBCE}.Release|Any CPU.Build.0 = Release|Any CPU
		{2C7A4CDE-BF7D-800F-1501-F1181496FC5C}.Debug|Any CPU.ActiveCfg = Debug|Any CPU
		{2C7A4CDE-BF7D-800F-1501-F1181496FC5C}.Debug|Any CPU.Build.0 = Debug|Any CPU
		{2C7A4CDE-BF7D-800F-1501-F1181496FC5C}.Release|Any CPU.ActiveCfg = Release|Any CPU
		{2C7A4CDE-BF7D-800F-1501-F1181496FC5C}.Release|Any CPU.Build.0 = Release|Any CPU
		{436ED7C5-8F34-E466-E8CF-E07CFD5C6BF6}.Debug|Any CPU.ActiveCfg = Debug|Any CPU
		{436ED7C5-8F34-E466-E8CF-E07CFD5C6BF6}.Debug|Any CPU.Build.0 = Debug|Any CPU
		{436ED7C5-8F34-E466-E8CF-E07CFD5C6BF6}.Release|Any CPU.ActiveCfg = Release|Any CPU
		{436ED7C5-8F34-E466-E8CF-E07CFD5C6BF6}.Release|Any CPU.Build.0 = Release|Any CPU
		{CC0F953D-88D7-3250-FD55-86F7BF04E5EE}.Debug|Any CPU.ActiveCfg = Debug|Any CPU
		{CC0F953D-88D7-3250-FD55-86F7BF04E5EE}.Debug|Any CPU.Build.0 = Debug|Any CPU
		{CC0F953D-88D7-3250-FD55-86F7BF04E5EE}.Release|Any CPU.ActiveCfg = Release|Any CPU
		{CC0F953D-88D7-3250-FD55-86F7BF04E5EE}.Release|Any CPU.Build.0 = Release|Any CPU
		{A1D2B42E-7A84-4D26-8E20-9B7D3EE61EB6}.Debug|Any CPU.ActiveCfg = Debug|Any CPU
		{A1D2B42E-7A84-4D26-8E20-9B7D3EE61EB6}.Debug|Any CPU.Build.0 = Debug|Any CPU
		{A1D2B42E-7A84-4D26-8E20-9B7D3EE61EB6}.Release|Any CPU.ActiveCfg = Release|Any CPU
		{A1D2B42E-7A84-4D26-8E20-9B7D3EE61EB6}.Release|Any CPU.Build.0 = Release|Any CPU
		{C1F2537E-E320-A2EF-49B0-B81BF93341E8}.Debug|Any CPU.ActiveCfg = Debug|Any CPU
		{C1F2537E-E320-A2EF-49B0-B81BF93341E8}.Debug|Any CPU.Build.0 = Debug|Any CPU
		{C1F2537E-E320-A2EF-49B0-B81BF93341E8}.Release|Any CPU.ActiveCfg = Release|Any CPU
		{C1F2537E-E320-A2EF-49B0-B81BF93341E8}.Release|Any CPU.Build.0 = Release|Any CPU
		{465146D6-EC20-2BF3-40F1-AE2D4CA30920}.Debug|Any CPU.ActiveCfg = Debug|Any CPU
		{465146D6-EC20-2BF3-40F1-AE2D4CA30920}.Debug|Any CPU.Build.0 = Debug|Any CPU
		{465146D6-EC20-2BF3-40F1-AE2D4CA30920}.Release|Any CPU.ActiveCfg = Release|Any CPU
		{465146D6-EC20-2BF3-40F1-AE2D4CA30920}.Release|Any CPU.Build.0 = Release|Any CPU
		{EC80FAE6-35CE-EBE8-4D70-A048BDE2C128}.Debug|Any CPU.ActiveCfg = Debug|Any CPU
		{EC80FAE6-35CE-EBE8-4D70-A048BDE2C128}.Debug|Any CPU.Build.0 = Debug|Any CPU
		{EC80FAE6-35CE-EBE8-4D70-A048BDE2C128}.Release|Any CPU.ActiveCfg = Release|Any CPU
		{EC80FAE6-35CE-EBE8-4D70-A048BDE2C128}.Release|Any CPU.Build.0 = Release|Any CPU
		{A90FF815-03D8-3686-DE98-AA68CFB4B355}.Debug|Any CPU.ActiveCfg = Debug|Any CPU
		{A90FF815-03D8-3686-DE98-AA68CFB4B355}.Debug|Any CPU.Build.0 = Debug|Any CPU
		{A90FF815-03D8-3686-DE98-AA68CFB4B355}.Release|Any CPU.ActiveCfg = Release|Any CPU
		{A90FF815-03D8-3686-DE98-AA68CFB4B355}.Release|Any CPU.Build.0 = Release|Any CPU
		{610B7C56-E1AA-4F1C-08C0-35CAEB4703E7}.Debug|Any CPU.ActiveCfg = Debug|Any CPU
		{610B7C56-E1AA-4F1C-08C0-35CAEB4703E7}.Debug|Any CPU.Build.0 = Debug|Any CPU
		{610B7C56-E1AA-4F1C-08C0-35CAEB4703E7}.Release|Any CPU.ActiveCfg = Release|Any CPU
		{610B7C56-E1AA-4F1C-08C0-35CAEB4703E7}.Release|Any CPU.Build.0 = Release|Any CPU
		{394F12CB-E963-9F40-08FB-58CD42E5FE9B}.Debug|Any CPU.ActiveCfg = Debug|Any CPU
		{394F12CB-E963-9F40-08FB-58CD42E5FE9B}.Debug|Any CPU.Build.0 = Debug|Any CPU
		{394F12CB-E963-9F40-08FB-58CD42E5FE9B}.Release|Any CPU.ActiveCfg = Release|Any CPU
		{394F12CB-E963-9F40-08FB-58CD42E5FE9B}.Release|Any CPU.Build.0 = Release|Any CPU
		{969E4BBE-6BA4-C05C-5D1C-B1B913AA7186}.Debug|Any CPU.ActiveCfg = Debug|Any CPU
		{969E4BBE-6BA4-C05C-5D1C-B1B913AA7186}.Debug|Any CPU.Build.0 = Debug|Any CPU
		{969E4BBE-6BA4-C05C-5D1C-B1B913AA7186}.Release|Any CPU.ActiveCfg = Release|Any CPU
		{969E4BBE-6BA4-C05C-5D1C-B1B913AA7186}.Release|Any CPU.Build.0 = Release|Any CPU
		{CE97E7D0-EA32-D4FC-3354-BCE2B37FFF98}.Debug|Any CPU.ActiveCfg = Debug|Any CPU
		{CE97E7D0-EA32-D4FC-3354-BCE2B37FFF98}.Debug|Any CPU.Build.0 = Debug|Any CPU
		{CE97E7D0-EA32-D4FC-3354-BCE2B37FFF98}.Release|Any CPU.ActiveCfg = Release|Any CPU
		{CE97E7D0-EA32-D4FC-3354-BCE2B37FFF98}.Release|Any CPU.Build.0 = Release|Any CPU
		{45FBBB72-CCC9-8DF0-EE31-918535DA9195}.Debug|Any CPU.ActiveCfg = Debug|Any CPU
		{45FBBB72-CCC9-8DF0-EE31-918535DA9195}.Debug|Any CPU.Build.0 = Debug|Any CPU
		{45FBBB72-CCC9-8DF0-EE31-918535DA9195}.Release|Any CPU.ActiveCfg = Release|Any CPU
		{45FBBB72-CCC9-8DF0-EE31-918535DA9195}.Release|Any CPU.Build.0 = Release|Any CPU
		{4EE3A80C-0D2F-A33E-799B-3EE2F619CD5D}.Debug|Any CPU.ActiveCfg = Debug|Any CPU
		{4EE3A80C-0D2F-A33E-799B-3EE2F619CD5D}.Debug|Any CPU.Build.0 = Debug|Any CPU
		{4EE3A80C-0D2F-A33E-799B-3EE2F619CD5D}.Release|Any CPU.ActiveCfg = Release|Any CPU
		{4EE3A80C-0D2F-A33E-799B-3EE2F619CD5D}.Release|Any CPU.Build.0 = Release|Any CPU
		{07FD7311-992B-97A1-BF33-F28CD39345FD}.Debug|Any CPU.ActiveCfg = Debug|Any CPU
		{07FD7311-992B-97A1-BF33-F28CD39345FD}.Debug|Any CPU.Build.0 = Debug|Any CPU
		{07FD7311-992B-97A1-BF33-F28CD39345FD}.Release|Any CPU.ActiveCfg = Release|Any CPU
		{07FD7311-992B-97A1-BF33-F28CD39345FD}.Release|Any CPU.Build.0 = Release|Any CPU
		{09B20A69-6FC8-31F4-2D51-4E6D65DE5E65}.Debug|Any CPU.ActiveCfg = Debug|Any CPU
		{09B20A69-6FC8-31F4-2D51-4E6D65DE5E65}.Debug|Any CPU.Build.0 = Debug|Any CPU
		{09B20A69-6FC8-31F4-2D51-4E6D65DE5E65}.Release|Any CPU.ActiveCfg = Release|Any CPU
		{09B20A69-6FC8-31F4-2D51-4E6D65DE5E65}.Release|Any CPU.Build.0 = Release|Any CPU
		{7284D9BE-5BDC-8C10-CDFC-B2655F4E610F}.Debug|Any CPU.ActiveCfg = Debug|Any CPU
		{7284D9BE-5BDC-8C10-CDFC-B2655F4E610F}.Debug|Any CPU.Build.0 = Debug|Any CPU
		{7284D9BE-5BDC-8C10-CDFC-B2655F4E610F}.Release|Any CPU.ActiveCfg = Release|Any CPU
		{7284D9BE-5BDC-8C10-CDFC-B2655F4E610F}.Release|Any CPU.Build.0 = Release|Any CPU
		{4B926B67-7A13-85A5-216E-3DEC75C070B1}.Debug|Any CPU.ActiveCfg = Debug|Any CPU
		{4B926B67-7A13-85A5-216E-3DEC75C070B1}.Debug|Any CPU.Build.0 = Debug|Any CPU
		{4B926B67-7A13-85A5-216E-3DEC75C070B1}.Release|Any CPU.ActiveCfg = Release|Any CPU
		{4B926B67-7A13-85A5-216E-3DEC75C070B1}.Release|Any CPU.Build.0 = Release|Any CPU
		{1DD14B5F-234B-DADE-4A49-83085182D640}.Debug|Any CPU.ActiveCfg = Debug|Any CPU
		{1DD14B5F-234B-DADE-4A49-83085182D640}.Debug|Any CPU.Build.0 = Debug|Any CPU
		{1DD14B5F-234B-DADE-4A49-83085182D640}.Release|Any CPU.ActiveCfg = Release|Any CPU
		{1DD14B5F-234B-DADE-4A49-83085182D640}.Release|Any CPU.Build.0 = Release|Any CPU
		{088E3EB3-63E6-1E6C-AAA7-C23F99C6774A}.Debug|Any CPU.ActiveCfg = Debug|Any CPU
		{088E3EB3-63E6-1E6C-AAA7-C23F99C6774A}.Debug|Any CPU.Build.0 = Debug|Any CPU
		{088E3EB3-63E6-1E6C-AAA7-C23F99C6774A}.Release|Any CPU.ActiveCfg = Release|Any CPU
		{088E3EB3-63E6-1E6C-AAA7-C23F99C6774A}.Release|Any CPU.Build.0 = Release|Any CPU
		{95A4181C-2D89-D5A1-2881-99B46D1FEA11}.Debug|Any CPU.ActiveCfg = Debug|Any CPU
		{95A4181C-2D89-D5A1-2881-99B46D1FEA11}.Debug|Any CPU.Build.0 = Debug|Any CPU
		{95A4181C-2D89-D5A1-2881-99B46D1FEA11}.Release|Any CPU.ActiveCfg = Release|Any CPU
		{95A4181C-2D89-D5A1-2881-99B46D1FEA11}.Release|Any CPU.Build.0 = Release|Any CPU
		{E8A092FB-FBF3-9C94-2735-12FDE8D930CF}.Debug|Any CPU.ActiveCfg = Debug|Any CPU
		{E8A092FB-FBF3-9C94-2735-12FDE8D930CF}.Debug|Any CPU.Build.0 = Debug|Any CPU
		{E8A092FB-FBF3-9C94-2735-12FDE8D930CF}.Release|Any CPU.ActiveCfg = Release|Any CPU
		{E8A092FB-FBF3-9C94-2735-12FDE8D930CF}.Release|Any CPU.Build.0 = Release|Any CPU
		{1A651D16-E2B5-5534-6598-1D319593A546}.Debug|Any CPU.ActiveCfg = Debug|Any CPU
		{1A651D16-E2B5-5534-6598-1D319593A546}.Debug|Any CPU.Build.0 = Debug|Any CPU
		{1A651D16-E2B5-5534-6598-1D319593A546}.Release|Any CPU.ActiveCfg = Release|Any CPU
		{1A651D16-E2B5-5534-6598-1D319593A546}.Release|Any CPU.Build.0 = Release|Any CPU
		{53BD5368-1845-A1B2-05DC-9BF75BE92040}.Debug|Any CPU.ActiveCfg = Debug|Any CPU
		{53BD5368-1845-A1B2-05DC-9BF75BE92040}.Debug|Any CPU.Build.0 = Debug|Any CPU
		{53BD5368-1845-A1B2-05DC-9BF75BE92040}.Release|Any CPU.ActiveCfg = Release|Any CPU
		{53BD5368-1845-A1B2-05DC-9BF75BE92040}.Release|Any CPU.Build.0 = Release|Any CPU
		{136EFE83-8150-A628-690B-7923FB1BB631}.Debug|Any CPU.ActiveCfg = Debug|Any CPU
		{136EFE83-8150-A628-690B-7923FB1BB631}.Debug|Any CPU.Build.0 = Debug|Any CPU
		{136EFE83-8150-A628-690B-7923FB1BB631}.Release|Any CPU.ActiveCfg = Release|Any CPU
		{136EFE83-8150-A628-690B-7923FB1BB631}.Release|Any CPU.Build.0 = Release|Any CPU
		{B8940315-EAE0-FA89-5010-46C3D0749A5C}.Debug|Any CPU.ActiveCfg = Debug|Any CPU
		{B8940315-EAE0-FA89-5010-46C3D0749A5C}.Debug|Any CPU.Build.0 = Debug|Any CPU
		{B8940315-EAE0-FA89-5010-46C3D0749A5C}.Release|Any CPU.ActiveCfg = Release|Any CPU
		{B8940315-EAE0-FA89-5010-46C3D0749A5C}.Release|Any CPU.Build.0 = Release|Any CPU
		{1580BADE-B62B-ADB5-631B-0C90D7D20ACE}.Debug|Any CPU.ActiveCfg = Debug|Any CPU
		{1580BADE-B62B-ADB5-631B-0C90D7D20ACE}.Debug|Any CPU.Build.0 = Debug|Any CPU
		{1580BADE-B62B-ADB5-631B-0C90D7D20ACE}.Release|Any CPU.ActiveCfg = Release|Any CPU
		{1580BADE-B62B-ADB5-631B-0C90D7D20ACE}.Release|Any CPU.Build.0 = Release|Any CPU
		{1FB31D0A-6A98-29A2-27F8-331E3C6BF2A0}.Debug|Any CPU.ActiveCfg = Debug|Any CPU
		{1FB31D0A-6A98-29A2-27F8-331E3C6BF2A0}.Debug|Any CPU.Build.0 = Debug|Any CPU
		{1FB31D0A-6A98-29A2-27F8-331E3C6BF2A0}.Release|Any CPU.ActiveCfg = Release|Any CPU
		{1FB31D0A-6A98-29A2-27F8-331E3C6BF2A0}.Release|Any CPU.Build.0 = Release|Any CPU
		{4D5EC167-1F03-D7AE-1639-152062E5C84A}.Debug|Any CPU.ActiveCfg = Debug|Any CPU
		{4D5EC167-1F03-D7AE-1639-152062E5C84A}.Debug|Any CPU.Build.0 = Debug|Any CPU
		{4D5EC167-1F03-D7AE-1639-152062E5C84A}.Release|Any CPU.ActiveCfg = Release|Any CPU
		{4D5EC167-1F03-D7AE-1639-152062E5C84A}.Release|Any CPU.Build.0 = Release|Any CPU
		{9B3E1EA7-31D6-8AB0-A4EE-0B7E19C74DF0}.Debug|Any CPU.ActiveCfg = Debug|Any CPU
		{9B3E1EA7-31D6-8AB0-A4EE-0B7E19C74DF0}.Debug|Any CPU.Build.0 = Debug|Any CPU
		{9B3E1EA7-31D6-8AB0-A4EE-0B7E19C74DF0}.Release|Any CPU.ActiveCfg = Release|Any CPU
		{9B3E1EA7-31D6-8AB0-A4EE-0B7E19C74DF0}.Release|Any CPU.Build.0 = Release|Any CPU
		{EF430465-C4DC-D858-A6F5-DDECB9532CF4}.Debug|Any CPU.ActiveCfg = Debug|Any CPU
		{EF430465-C4DC-D858-A6F5-DDECB9532CF4}.Debug|Any CPU.Build.0 = Debug|Any CPU
		{EF430465-C4DC-D858-A6F5-DDECB9532CF4}.Release|Any CPU.ActiveCfg = Release|Any CPU
		{EF430465-C4DC-D858-A6F5-DDECB9532CF4}.Release|Any CPU.Build.0 = Release|Any CPU
	EndGlobalSection
	GlobalSection(SolutionProperties) = preSolution
		HideSolutionNode = FALSE
	EndGlobalSection
EndGlobal
