
Microsoft Visual Studio Solution File, Format Version 12.00
# Visual Studio 15
Project("{FAE04EC0-301F-11D3-BF4B-00C04F79EFBC}") = "UnityEngine.UI", "UnityEngine.UI.csproj", "{454D0C80-CFB5-FA1A-8D04-59AA2ADED8F3}"
EndProject
Project("{FAE04EC0-301F-11D3-BF4B-00C04F79EFBC}") = "Assembly-CSharp", "Assembly-CSharp.csproj", "{A74C2B52-CBAD-05BD-2025-D0DF7A24FB3E}"
EndProject
Project("{FAE04EC0-301F-11D3-BF4B-00C04F79EFBC}") = "UnityEngine.TestRunner", "UnityEngine.TestRunner.csproj", "{C43E5439-70F4-C8AF-1AE3-703ECA694860}"
EndProject
Project("{FAE04EC0-301F-11D3-BF4B-00C04F79EFBC}") = "UnityEngine.XR.LegacyInputHelpers", "UnityEngine.XR.LegacyInputHelpers.csproj", "{4D6E5D1D-391F-36F5-CDC3-D299E96550D9}"
EndProject
Project("{FAE04EC0-301F-11D3-BF4B-00C04F79EFBC}") = "Unity.Timeline", "Unity.Timeline.csproj", "{36BE09D9-667D-5B25-BE46-0BC77C544978}"
EndProject
Project("{FAE04EC0-301F-11D3-BF4B-00C04F79EFBC}") = "UnityEngine.Purchasing.WinRTCore", "UnityEngine.Purchasing.WinRTCore.csproj", "{070C3FD0-08D8-D72E-B9F7-AF6C38DF4413}"
EndProject
Project("{FAE04EC0-301F-11D3-BF4B-00C04F79EFBC}") = "Unity.Postprocessing.Runtime", "Unity.Postprocessing.Runtime.csproj", "{85A29AE9-E6E2-F727-4366-994702244ACB}"
EndProject
Project("{FAE04EC0-301F-11D3-BF4B-00C04F79EFBC}") = "UnityEngine.Monetization", "UnityEngine.Monetization.csproj", "{9773E395-EA9C-71E6-3B0A-3B34A3090D8A}"
EndProject
Project("{FAE04EC0-301F-11D3-BF4B-00C04F79EFBC}") = "UnityEngine.Purchasing.SecurityCore", "UnityEngine.Purchasing.SecurityCore.csproj", "{69E4D56B-5413-A734-7D97-500644D87852}"
EndProject
Project("{FAE04EC0-301F-11D3-BF4B-00C04F79EFBC}") = "Unity.TextMeshPro", "Unity.TextMeshPro.csproj", "{E1203C3C-CFDA-E0B8-3BF3-6FC214C66D96}"
EndProject
Project("{FAE04EC0-301F-11D3-BF4B-00C04F79EFBC}") = "UnityEngine.Purchasing", "UnityEngine.Purchasing.csproj", "{CF4B281A-398D-B31C-0D2B-2BF29A73A391}"
EndProject
Project("{FAE04EC0-301F-11D3-BF4B-00C04F79EFBC}") = "UnityEngine.Purchasing.AppleCore", "UnityEngine.Purchasing.AppleCore.csproj", "{9D4D1322-4003-C429-927D-7242B7BD9021}"
EndProject
Project("{FAE04EC0-301F-11D3-BF4B-00C04F79EFBC}") = "UnityEngine.Purchasing.Stores", "UnityEngine.Purchasing.Stores.csproj", "{917605C4-A106-37B5-24A0-A412D17EAC66}"
EndProject
Project("{FAE04EC0-301F-11D3-BF4B-00C04F79EFBC}") = "UnityEngine.Advertisements", "UnityEngine.Advertisements.csproj", "{028A1B80-04C3-31A5-4180-3DD95DCE1DF6}"
EndProject
Project("{FAE04EC0-301F-11D3-BF4B-00C04F79EFBC}") = "UnityEngine.Purchasing.SecurityStub", "UnityEngine.Purchasing.SecurityStub.csproj", "{BA5E275A-2CE5-7B10-FE60-E1F366FA23B6}"
EndProject
Project("{FAE04EC0-301F-11D3-BF4B-00C04F79EFBC}") = "Purchasing.Common", "Purchasing.Common.csproj", "{8CE5BAF4-8714-1E65-4459-DA83AEC86C67}"
EndProject
Project("{FAE04EC0-301F-11D3-BF4B-00C04F79EFBC}") = "UnityEngine.Purchasing.Codeless", "UnityEngine.Purchasing.Codeless.csproj", "{6C68F270-B130-94A7-1156-E3FCB1BD49E9}"
EndProject
Project("{FAE04EC0-301F-11D3-BF4B-00C04F79EFBC}") = "UnityEngine.Purchasing.WinRTStub", "UnityEngine.Purchasing.WinRTStub.csproj", "{18EDC54C-DC51-0134-C51A-E0D5922EDC14}"
EndProject
Project("{FAE04EC0-301F-11D3-BF4B-00C04F79EFBC}") = "UnityEngine.Purchasing.AppleStub", "UnityEngine.Purchasing.AppleStub.csproj", "{0D6776E8-3383-0CD8-2928-D8763ABEF90C}"
EndProject
Project("{FAE04EC0-301F-11D3-BF4B-00C04F79EFBC}") = "UnityEngine.Purchasing.AppleMacosStub", "UnityEngine.Purchasing.AppleMacosStub.csproj", "{C4E16080-A365-DBF6-DF0B-000A9373014A}"
EndProject
Project("{FAE04EC0-301F-11D3-BF4B-00C04F79EFBC}") = "UnityEngine.SpatialTracking", "UnityEngine.SpatialTracking.csproj", "{986BCE11-AA1C-B519-E2BB-E5437672E6C5}"
EndProject
Project("{FAE04EC0-301F-11D3-BF4B-00C04F79EFBC}") = "Unity.Analytics.DataPrivacy", "Unity.Analytics.DataPrivacy.csproj", "{608B4FBA-8A3A-4579-953E-7A3D20B01CB4}"
EndProject
Project("{FAE04EC0-301F-11D3-BF4B-00C04F79EFBC}") = "UnityEditor.TestRunner", "UnityEditor.TestRunner.csproj", "{8EFA5313-EF49-0D37-C384-07B8CF7175B3}"
EndProject
Project("{FAE04EC0-301F-11D3-BF4B-00C04F79EFBC}") = "Unity.PlasticSCM.Editor", "Unity.PlasticSCM.Editor.csproj", "{C921F97E-83AC-31D0-2F0A-B22828BD1EF5}"
EndProject
Project("{FAE04EC0-301F-11D3-BF4B-00C04F79EFBC}") = "UnityEditor.UI", "UnityEditor.UI.csproj", "{EB11F362-C784-D1DC-90D9-AC2CEE311D10}"
EndProject
Project("{FAE04EC0-301F-11D3-BF4B-00C04F79EFBC}") = "Unity.Services.Core.Editor", "Unity.Services.Core.Editor.csproj", "{99F276AB-7447-2C4D-5729-011897243B6A}"
EndProject
Project("{FAE04EC0-301F-11D3-BF4B-00C04F79EFBC}") = "Unity.Timeline.Editor", "Unity.Timeline.Editor.csproj", "{5C51197D-F4F8-EF41-0DB2-9690903B9DDA}"
EndProject
Project("{FAE04EC0-301F-11D3-BF4B-00C04F79EFBC}") = "Unity.VisualStudio.Editor", "Unity.VisualStudio.Editor.csproj", "{3AEA4917-AD89-0E94-168B-12A92F11FE2F}"
EndProject
Project("{FAE04EC0-301F-11D3-BF4B-00C04F79EFBC}") = "UnityEngine.Advertisements.Editor", "UnityEngine.Advertisements.Editor.csproj", "{F47FCEEA-0D86-83BC-DC80-2DA4620F5C62}"
EndProject
Project("{FAE04EC0-301F-11D3-BF4B-00C04F79EFBC}") = "Unity.TextMeshPro.Editor", "Unity.TextMeshPro.Editor.csproj", "{62E35CB7-AB21-DF8F-7047-0D6D34C3B4FC}"
EndProject
Project("{FAE04EC0-301F-11D3-BF4B-00C04F79EFBC}") = "Unity.CollabProxy.Editor", "Unity.CollabProxy.Editor.csproj", "{9231A760-2614-3269-FEBB-EDEFFFA1C927}"
EndProject
Project("{FAE04EC0-301F-11D3-BF4B-00C04F79EFBC}") = "Unity.Postprocessing.Editor", "Unity.Postprocessing.Editor.csproj", "{0BA6263C-036E-D314-455E-DB606F16AC2E}"
EndProject
Project("{FAE04EC0-301F-11D3-BF4B-00C04F79EFBC}") = "Unity.2D.Tilemap.Editor", "Unity.2D.Tilemap.Editor.csproj", "{EA547775-A263-6D5D-029C-E689F322131A}"
EndProject
Project("{FAE04EC0-301F-11D3-BF4B-00C04F79EFBC}") = "UnityEditor.Purchasing", "UnityEditor.Purchasing.csproj", "{F19FFC88-7F54-32F2-3C09-5C589B3051DD}"
EndProject
Project("{FAE04EC0-301F-11D3-BF4B-00C04F79EFBC}") = "Unity.Rider.Editor", "Unity.Rider.Editor.csproj", "{F344C2CA-054D-FBC7-5F17-7DA53F8F08E2}"
EndProject
Project("{FAE04EC0-301F-11D3-BF4B-00C04F79EFBC}") = "Unity.2D.Sprite.Editor", "Unity.2D.Sprite.Editor.csproj", "{40FBA6AC-5F1A-410A-752D-D7C670884079}"
EndProject
Project("{FAE04EC0-301F-11D3-BF4B-00C04F79EFBC}") = "UnityEngine.Advertisements.DevX.Editor", "UnityEngine.Advertisements.DevX.Editor.csproj", "{D53286C0-2F9B-5B42-781D-A3B91AD30307}"
EndProject
Project("{FAE04EC0-301F-11D3-BF4B-00C04F79EFBC}") = "UnityEditor.XR.LegacyInputHelpers", "UnityEditor.XR.LegacyInputHelpers.csproj", "{CB63D80B-098D-266E-F2BB-ADB7AF6FAE2D}"
EndProject
Project("{FAE04EC0-301F-11D3-BF4B-00C04F79EFBC}") = "Unity.VSCode.Editor", "Unity.VSCode.Editor.csproj", "{D9A1231D-87A2-BB1B-8377-BDB677A1D1BF}"
EndProject
Project("{FAE04EC0-301F-11D3-BF4B-00C04F79EFBC}") = "UnityEditor.SpatialTracking", "UnityEditor.SpatialTracking.csproj", "{C2594C16-90E7-0031-C046-B30B0B4BBDE5}"
EndProject
Project("{FAE04EC0-301F-11D3-BF4B-00C04F79EFBC}") = "Assembly-CSharp-Editor", "Assembly-CSharp-Editor.csproj", "{7D8B5AAC-390F-C91B-87E2-014C623CAB55}"
EndProject
Project("{FAE04EC0-301F-11D3-BF4B-00C04F79EFBC}") = "Analytics", "Analytics.csproj", "{6AB36BD3-F73F-585A-8E86-C4DE8A2A51A9}"
EndProject
Project("{FAE04EC0-301F-11D3-BF4B-00C04F79EFBC}") = "UnityEngine.UI", "UnityEngine.UI.Player.csproj", "{04907517-D6B5-45D4-5E2F-2E5C42C79971}"
EndProject
Project("{FAE04EC0-301F-11D3-BF4B-00C04F79EFBC}") = "Assembly-CSharp", "Assembly-CSharp.Player.csproj", "{23ECC164-61B8-3B17-2A53-3E28C1C0CF2E}"
EndProject
Project("{FAE04EC0-301F-11D3-BF4B-00C04F79EFBC}") = "UnityEngine.TestRunner", "UnityEngine.TestRunner.Player.csproj", "{B61C7378-DC77-C3C6-054D-43C1ECA14566}"
EndProject
Project("{FAE04EC0-301F-11D3-BF4B-00C04F79EFBC}") = "UnityEngine.XR.LegacyInputHelpers", "UnityEngine.XR.LegacyInputHelpers.Player.csproj", "{47597648-BFB8-F01A-F203-F2FC240440B9}"
EndProject
Project("{FAE04EC0-301F-11D3-BF4B-00C04F79EFBC}") = "Unity.Timeline", "Unity.Timeline.Player.csproj", "{6FBC7101-C304-D1F9-9499-36B0EBD8D5D4}"
EndProject
Project("{FAE04EC0-301F-11D3-BF4B-00C04F79EFBC}") = "UnityEngine.Purchasing.WinRTCore", "UnityEngine.Purchasing.WinRTCore.Player.csproj", "{8125730B-FFD6-B266-4C15-01A687DDB4E7}"
EndProject
Project("{FAE04EC0-301F-11D3-BF4B-00C04F79EFBC}") = "Unity.Postprocessing.Runtime", "Unity.Postprocessing.Runtime.Player.csproj", "{4B9E7A40-2FC9-3B0D-1D57-2676C3C1A193}"
EndProject
Project("{FAE04EC0-301F-11D3-BF4B-00C04F79EFBC}") = "UnityEngine.Monetization", "UnityEngine.Monetization.Player.csproj", "{ACA3B3C0-AAC3-19DB-BDCC-0EFC79EAB0C3}"
EndProject
Project("{FAE04EC0-301F-11D3-BF4B-00C04F79EFBC}") = "UnityEngine.Purchasing.SecurityCore", "UnityEngine.Purchasing.SecurityCore.Player.csproj", "{A5973E4E-B884-ADE1-60A4-6E6D6B863C46}"
EndProject
Project("{FAE04EC0-301F-11D3-BF4B-00C04F79EFBC}") = "Unity.TextMeshPro", "Unity.TextMeshPro.Player.csproj", "{08C1C74B-E115-46F9-6ED1-F81AA7C38532}"
EndProject
Project("{FAE04EC0-301F-11D3-BF4B-00C04F79EFBC}") = "UnityEngine.Purchasing", "UnityEngine.Purchasing.Player.csproj", "{5DFA122B-F641-BF94-FEEE-5703B4F15F1A}"
EndProject
Project("{FAE04EC0-301F-11D3-BF4B-00C04F79EFBC}") = "UnityEngine.Purchasing.AppleCore", "UnityEngine.Purchasing.AppleCore.Player.csproj", "{CCC1801F-F570-A66C-3E2C-BA8F3C9116B7}"
EndProject
Project("{FAE04EC0-301F-11D3-BF4B-00C04F79EFBC}") = "UnityEngine.Purchasing.Stores", "UnityEngine.Purchasing.Stores.Player.csproj", "{B9D64F62-AEB7-0218-703F-7214CCD97FFA}"
EndProject
Project("{FAE04EC0-301F-11D3-BF4B-00C04F79EFBC}") = "UnityEngine.Advertisements", "UnityEngine.Advertisements.Player.csproj", "{74DEBDF3-2483-B1B2-3AB5-9C82B9475795}"
EndProject
Project("{FAE04EC0-301F-11D3-BF4B-00C04F79EFBC}") = "UnityEngine.Purchasing.Security", "UnityEngine.Purchasing.Security.Player.csproj", "{A8FE27B6-EA00-3802-CB6E-83E23649463D}"
EndProject
Project("{FAE04EC0-301F-11D3-BF4B-00C04F79EFBC}") = "Purchasing.Common", "Purchasing.Common.Player.csproj", "{D8194D7B-CC13-C96E-15CB-6395DE00C790}"
EndProject
Project("{FAE04EC0-301F-11D3-BF4B-00C04F79EFBC}") = "UnityEngine.Purchasing.Codeless", "UnityEngine.Purchasing.Codeless.Player.csproj", "{211B26C0-B3C1-8802-9FF3-8BA9D6628271}"
EndProject
Project("{FAE04EC0-301F-11D3-BF4B-00C04F79EFBC}") = "UnityEngine.Purchasing.WinRTStub", "UnityEngine.Purchasing.WinRTStub.Player.csproj", "{A0E9980E-3D96-98EE-D83A-D233AE7201B5}"
EndProject
Project("{FAE04EC0-301F-11D3-BF4B-00C04F79EFBC}") = "UnityEngine.Purchasing.AppleStub", "UnityEngine.Purchasing.AppleStub.Player.csproj", "{E8BDDA6B-CAA0-7DA9-0907-06893651CCDA}"
EndProject
Project("{FAE04EC0-301F-11D3-BF4B-00C04F79EFBC}") = "UnityEngine.Purchasing.AppleMacosStub", "UnityEngine.Purchasing.AppleMacosStub.Player.csproj", "{E717635F-B70D-7AF1-DF44-C32126661E18}"
EndProject
Project("{FAE04EC0-301F-11D3-BF4B-00C04F79EFBC}") = "UnityEngine.SpatialTracking", "UnityEngine.SpatialTracking.Player.csproj", "{BC7F7D26-ACA4-E9D5-FDFB-DB17619960D1}"
EndProject
Project("{FAE04EC0-301F-11D3-BF4B-00C04F79EFBC}") = "Unity.Analytics.DataPrivacy", "Unity.Analytics.DataPrivacy.Player.csproj", "{C6289867-6E10-5E85-4ED0-28E375648FE1}"
EndProject
Global
	GlobalSection(SolutionConfigurationPlatforms) = preSolution
		Debug|Any CPU = Debug|Any CPU
		Release|Any CPU = Release|Any CPU
	EndGlobalSection
	GlobalSection(ProjectConfigurationPlatforms) = postSolution
		{454D0C80-CFB5-FA1A-8D04-59AA2ADED8F3}.Debug|Any CPU.ActiveCfg = Debug|Any CPU
		{454D0C80-CFB5-FA1A-8D04-59AA2ADED8F3}.Debug|Any CPU.Build.0 = Debug|Any CPU
		{454D0C80-CFB5-FA1A-8D04-59AA2ADED8F3}.Release|Any CPU.ActiveCfg = Release|Any CPU
		{454D0C80-CFB5-FA1A-8D04-59AA2ADED8F3}.Release|Any CPU.Build.0 = Release|Any CPU
		{A74C2B52-CBAD-05BD-2025-D0DF7A24FB3E}.Debug|Any CPU.ActiveCfg = Debug|Any CPU
		{A74C2B52-CBAD-05BD-2025-D0DF7A24FB3E}.Debug|Any CPU.Build.0 = Debug|Any CPU
		{A74C2B52-CBAD-05BD-2025-D0DF7A24FB3E}.Release|Any CPU.ActiveCfg = Release|Any CPU
		{A74C2B52-CBAD-05BD-2025-D0DF7A24FB3E}.Release|Any CPU.Build.0 = Release|Any CPU
		{C43E5439-70F4-C8AF-1AE3-703ECA694860}.Debug|Any CPU.ActiveCfg = Debug|Any CPU
		{C43E5439-70F4-C8AF-1AE3-703ECA694860}.Debug|Any CPU.Build.0 = Debug|Any CPU
		{C43E5439-70F4-C8AF-1AE3-703ECA694860}.Release|Any CPU.ActiveCfg = Release|Any CPU
		{C43E5439-70F4-C8AF-1AE3-703ECA694860}.Release|Any CPU.Build.0 = Release|Any CPU
		{4D6E5D1D-391F-36F5-CDC3-D299E96550D9}.Debug|Any CPU.ActiveCfg = Debug|Any CPU
		{4D6E5D1D-391F-36F5-CDC3-D299E96550D9}.Debug|Any CPU.Build.0 = Debug|Any CPU
		{4D6E5D1D-391F-36F5-CDC3-D299E96550D9}.Release|Any CPU.ActiveCfg = Release|Any CPU
		{4D6E5D1D-391F-36F5-CDC3-D299E96550D9}.Release|Any CPU.Build.0 = Release|Any CPU
		{36BE09D9-667D-5B25-BE46-0BC77C544978}.Debug|Any CPU.ActiveCfg = Debug|Any CPU
		{36BE09D9-667D-5B25-BE46-0BC77C544978}.Debug|Any CPU.Build.0 = Debug|Any CPU
		{36BE09D9-667D-5B25-BE46-0BC77C544978}.Release|Any CPU.ActiveCfg = Release|Any CPU
		{36BE09D9-667D-5B25-BE46-0BC77C544978}.Release|Any CPU.Build.0 = Release|Any CPU
		{070C3FD0-08D8-D72E-B9F7-AF6C38DF4413}.Debug|Any CPU.ActiveCfg = Debug|Any CPU
		{070C3FD0-08D8-D72E-B9F7-AF6C38DF4413}.Debug|Any CPU.Build.0 = Debug|Any CPU
		{070C3FD0-08D8-D72E-B9F7-AF6C38DF4413}.Release|Any CPU.ActiveCfg = Release|Any CPU
		{070C3FD0-08D8-D72E-B9F7-AF6C38DF4413}.Release|Any CPU.Build.0 = Release|Any CPU
		{85A29AE9-E6E2-F727-4366-994702244ACB}.Debug|Any CPU.ActiveCfg = Debug|Any CPU
		{85A29AE9-E6E2-F727-4366-994702244ACB}.Debug|Any CPU.Build.0 = Debug|Any CPU
		{85A29AE9-E6E2-F727-4366-994702244ACB}.Release|Any CPU.ActiveCfg = Release|Any CPU
		{85A29AE9-E6E2-F727-4366-994702244ACB}.Release|Any CPU.Build.0 = Release|Any CPU
		{9773E395-EA9C-71E6-3B0A-3B34A3090D8A}.Debug|Any CPU.ActiveCfg = Debug|Any CPU
		{9773E395-EA9C-71E6-3B0A-3B34A3090D8A}.Debug|Any CPU.Build.0 = Debug|Any CPU
		{9773E395-EA9C-71E6-3B0A-3B34A3090D8A}.Release|Any CPU.ActiveCfg = Release|Any CPU
		{9773E395-EA9C-71E6-3B0A-3B34A3090D8A}.Release|Any CPU.Build.0 = Release|Any CPU
		{69E4D56B-5413-A734-7D97-500644D87852}.Debug|Any CPU.ActiveCfg = Debug|Any CPU
		{69E4D56B-5413-A734-7D97-500644D87852}.Debug|Any CPU.Build.0 = Debug|Any CPU
		{69E4D56B-5413-A734-7D97-500644D87852}.Release|Any CPU.ActiveCfg = Release|Any CPU
		{69E4D56B-5413-A734-7D97-500644D87852}.Release|Any CPU.Build.0 = Release|Any CPU
		{E1203C3C-CFDA-E0B8-3BF3-6FC214C66D96}.Debug|Any CPU.ActiveCfg = Debug|Any CPU
		{E1203C3C-CFDA-E0B8-3BF3-6FC214C66D96}.Debug|Any CPU.Build.0 = Debug|Any CPU
		{E1203C3C-CFDA-E0B8-3BF3-6FC214C66D96}.Release|Any CPU.ActiveCfg = Release|Any CPU
		{E1203C3C-CFDA-E0B8-3BF3-6FC214C66D96}.Release|Any CPU.Build.0 = Release|Any CPU
		{CF4B281A-398D-B31C-0D2B-2BF29A73A391}.Debug|Any CPU.ActiveCfg = Debug|Any CPU
		{CF4B281A-398D-B31C-0D2B-2BF29A73A391}.Debug|Any CPU.Build.0 = Debug|Any CPU
		{CF4B281A-398D-B31C-0D2B-2BF29A73A391}.Release|Any CPU.ActiveCfg = Release|Any CPU
		{CF4B281A-398D-B31C-0D2B-2BF29A73A391}.Release|Any CPU.Build.0 = Release|Any CPU
		{9D4D1322-4003-C429-927D-7242B7BD9021}.Debug|Any CPU.ActiveCfg = Debug|Any CPU
		{9D4D1322-4003-C429-927D-7242B7BD9021}.Debug|Any CPU.Build.0 = Debug|Any CPU
		{9D4D1322-4003-C429-927D-7242B7BD9021}.Release|Any CPU.ActiveCfg = Release|Any CPU
		{9D4D1322-4003-C429-927D-7242B7BD9021}.Release|Any CPU.Build.0 = Release|Any CPU
		{917605C4-A106-37B5-24A0-A412D17EAC66}.Debug|Any CPU.ActiveCfg = Debug|Any CPU
		{917605C4-A106-37B5-24A0-A412D17EAC66}.Debug|Any CPU.Build.0 = Debug|Any CPU
		{917605C4-A106-37B5-24A0-A412D17EAC66}.Release|Any CPU.ActiveCfg = Release|Any CPU
		{917605C4-A106-37B5-24A0-A412D17EAC66}.Release|Any CPU.Build.0 = Release|Any CPU
		{028A1B80-04C3-31A5-4180-3DD95DCE1DF6}.Debug|Any CPU.ActiveCfg = Debug|Any CPU
		{028A1B80-04C3-31A5-4180-3DD95DCE1DF6}.Debug|Any CPU.Build.0 = Debug|Any CPU
		{028A1B80-04C3-31A5-4180-3DD95DCE1DF6}.Release|Any CPU.ActiveCfg = Release|Any CPU
		{028A1B80-04C3-31A5-4180-3DD95DCE1DF6}.Release|Any CPU.Build.0 = Release|Any CPU
		{BA5E275A-2CE5-7B10-FE60-E1F366FA23B6}.Debug|Any CPU.ActiveCfg = Debug|Any CPU
		{BA5E275A-2CE5-7B10-FE60-E1F366FA23B6}.Debug|Any CPU.Build.0 = Debug|Any CPU
		{BA5E275A-2CE5-7B10-FE60-E1F366FA23B6}.Release|Any CPU.ActiveCfg = Release|Any CPU
		{BA5E275A-2CE5-7B10-FE60-E1F366FA23B6}.Release|Any CPU.Build.0 = Release|Any CPU
		{8CE5BAF4-8714-1E65-4459-DA83AEC86C67}.Debug|Any CPU.ActiveCfg = Debug|Any CPU
		{8CE5BAF4-8714-1E65-4459-DA83AEC86C67}.Debug|Any CPU.Build.0 = Debug|Any CPU
		{8CE5BAF4-8714-1E65-4459-DA83AEC86C67}.Release|Any CPU.ActiveCfg = Release|Any CPU
		{8CE5BAF4-8714-1E65-4459-DA83AEC86C67}.Release|Any CPU.Build.0 = Release|Any CPU
		{6C68F270-B130-94A7-1156-E3FCB1BD49E9}.Debug|Any CPU.ActiveCfg = Debug|Any CPU
		{6C68F270-B130-94A7-1156-E3FCB1BD49E9}.Debug|Any CPU.Build.0 = Debug|Any CPU
		{6C68F270-B130-94A7-1156-E3FCB1BD49E9}.Release|Any CPU.ActiveCfg = Release|Any CPU
		{6C68F270-B130-94A7-1156-E3FCB1BD49E9}.Release|Any CPU.Build.0 = Release|Any CPU
		{18EDC54C-DC51-0134-C51A-E0D5922EDC14}.Debug|Any CPU.ActiveCfg = Debug|Any CPU
		{18EDC54C-DC51-0134-C51A-E0D5922EDC14}.Debug|Any CPU.Build.0 = Debug|Any CPU
		{18EDC54C-DC51-0134-C51A-E0D5922EDC14}.Release|Any CPU.ActiveCfg = Release|Any CPU
		{18EDC54C-DC51-0134-C51A-E0D5922EDC14}.Release|Any CPU.Build.0 = Release|Any CPU
		{0D6776E8-3383-0CD8-2928-D8763ABEF90C}.Debug|Any CPU.ActiveCfg = Debug|Any CPU
		{0D6776E8-3383-0CD8-2928-D8763ABEF90C}.Debug|Any CPU.Build.0 = Debug|Any CPU
		{0D6776E8-3383-0CD8-2928-D8763ABEF90C}.Release|Any CPU.ActiveCfg = Release|Any CPU
		{0D6776E8-3383-0CD8-2928-D8763ABEF90C}.Release|Any CPU.Build.0 = Release|Any CPU
		{C4E16080-A365-DBF6-DF0B-000A9373014A}.Debug|Any CPU.ActiveCfg = Debug|Any CPU
		{C4E16080-A365-DBF6-DF0B-000A9373014A}.Debug|Any CPU.Build.0 = Debug|Any CPU
		{C4E16080-A365-DBF6-DF0B-000A9373014A}.Release|Any CPU.ActiveCfg = Release|Any CPU
		{C4E16080-A365-DBF6-DF0B-000A9373014A}.Release|Any CPU.Build.0 = Release|Any CPU
		{986BCE11-AA1C-B519-E2BB-E5437672E6C5}.Debug|Any CPU.ActiveCfg = Debug|Any CPU
		{986BCE11-AA1C-B519-E2BB-E5437672E6C5}.Debug|Any CPU.Build.0 = Debug|Any CPU
		{986BCE11-AA1C-B519-E2BB-E5437672E6C5}.Release|Any CPU.ActiveCfg = Release|Any CPU
		{986BCE11-AA1C-B519-E2BB-E5437672E6C5}.Release|Any CPU.Build.0 = Release|Any CPU
		{608B4FBA-8A3A-4579-953E-7A3D20B01CB4}.Debug|Any CPU.ActiveCfg = Debug|Any CPU
		{608B4FBA-8A3A-4579-953E-7A3D20B01CB4}.Debug|Any CPU.Build.0 = Debug|Any CPU
		{608B4FBA-8A3A-4579-953E-7A3D20B01CB4}.Release|Any CPU.ActiveCfg = Release|Any CPU
		{608B4FBA-8A3A-4579-953E-7A3D20B01CB4}.Release|Any CPU.Build.0 = Release|Any CPU
		{8EFA5313-EF49-0D37-C384-07B8CF7175B3}.Debug|Any CPU.ActiveCfg = Debug|Any CPU
		{8EFA5313-EF49-0D37-C384-07B8CF7175B3}.Debug|Any CPU.Build.0 = Debug|Any CPU
		{8EFA5313-EF49-0D37-C384-07B8CF7175B3}.Release|Any CPU.ActiveCfg = Release|Any CPU
		{8EFA5313-EF49-0D37-C384-07B8CF7175B3}.Release|Any CPU.Build.0 = Release|Any CPU
		{C921F97E-83AC-31D0-2F0A-B22828BD1EF5}.Debug|Any CPU.ActiveCfg = Debug|Any CPU
		{C921F97E-83AC-31D0-2F0A-B22828BD1EF5}.Debug|Any CPU.Build.0 = Debug|Any CPU
		{C921F97E-83AC-31D0-2F0A-B22828BD1EF5}.Release|Any CPU.ActiveCfg = Release|Any CPU
		{C921F97E-83AC-31D0-2F0A-B22828BD1EF5}.Release|Any CPU.Build.0 = Release|Any CPU
		{EB11F362-C784-D1DC-90D9-AC2CEE311D10}.Debug|Any CPU.ActiveCfg = Debug|Any CPU
		{EB11F362-C784-D1DC-90D9-AC2CEE311D10}.Debug|Any CPU.Build.0 = Debug|Any CPU
		{EB11F362-C784-D1DC-90D9-AC2CEE311D10}.Release|Any CPU.ActiveCfg = Release|Any CPU
		{EB11F362-C784-D1DC-90D9-AC2CEE311D10}.Release|Any CPU.Build.0 = Release|Any CPU
		{99F276AB-7447-2C4D-5729-011897243B6A}.Debug|Any CPU.ActiveCfg = Debug|Any CPU
		{99F276AB-7447-2C4D-5729-011897243B6A}.Debug|Any CPU.Build.0 = Debug|Any CPU
		{99F276AB-7447-2C4D-5729-011897243B6A}.Release|Any CPU.ActiveCfg = Release|Any CPU
		{99F276AB-7447-2C4D-5729-011897243B6A}.Release|Any CPU.Build.0 = Release|Any CPU
		{5C51197D-F4F8-EF41-0DB2-9690903B9DDA}.Debug|Any CPU.ActiveCfg = Debug|Any CPU
		{5C51197D-F4F8-EF41-0DB2-9690903B9DDA}.Debug|Any CPU.Build.0 = Debug|Any CPU
		{5C51197D-F4F8-EF41-0DB2-9690903B9DDA}.Release|Any CPU.ActiveCfg = Release|Any CPU
		{5C51197D-F4F8-EF41-0DB2-9690903B9DDA}.Release|Any CPU.Build.0 = Release|Any CPU
		{3AEA4917-AD89-0E94-168B-12A92F11FE2F}.Debug|Any CPU.ActiveCfg = Debug|Any CPU
		{3AEA4917-AD89-0E94-168B-12A92F11FE2F}.Debug|Any CPU.Build.0 = Debug|Any CPU
		{3AEA4917-AD89-0E94-168B-12A92F11FE2F}.Release|Any CPU.ActiveCfg = Release|Any CPU
		{3AEA4917-AD89-0E94-168B-12A92F11FE2F}.Release|Any CPU.Build.0 = Release|Any CPU
		{F47FCEEA-0D86-83BC-DC80-2DA4620F5C62}.Debug|Any CPU.ActiveCfg = Debug|Any CPU
		{F47FCEEA-0D86-83BC-DC80-2DA4620F5C62}.Debug|Any CPU.Build.0 = Debug|Any CPU
		{F47FCEEA-0D86-83BC-DC80-2DA4620F5C62}.Release|Any CPU.ActiveCfg = Release|Any CPU
		{F47FCEEA-0D86-83BC-DC80-2DA4620F5C62}.Release|Any CPU.Build.0 = Release|Any CPU
		{62E35CB7-AB21-DF8F-7047-0D6D34C3B4FC}.Debug|Any CPU.ActiveCfg = Debug|Any CPU
		{62E35CB7-AB21-DF8F-7047-0D6D34C3B4FC}.Debug|Any CPU.Build.0 = Debug|Any CPU
		{62E35CB7-AB21-DF8F-7047-0D6D34C3B4FC}.Release|Any CPU.ActiveCfg = Release|Any CPU
		{62E35CB7-AB21-DF8F-7047-0D6D34C3B4FC}.Release|Any CPU.Build.0 = Release|Any CPU
		{9231A760-2614-3269-FEBB-EDEFFFA1C927}.Debug|Any CPU.ActiveCfg = Debug|Any CPU
		{9231A760-2614-3269-FEBB-EDEFFFA1C927}.Debug|Any CPU.Build.0 = Debug|Any CPU
		{9231A760-2614-3269-FEBB-EDEFFFA1C927}.Release|Any CPU.ActiveCfg = Release|Any CPU
		{9231A760-2614-3269-FEBB-EDEFFFA1C927}.Release|Any CPU.Build.0 = Release|Any CPU
		{0BA6263C-036E-D314-455E-DB606F16AC2E}.Debug|Any CPU.ActiveCfg = Debug|Any CPU
		{0BA6263C-036E-D314-455E-DB606F16AC2E}.Debug|Any CPU.Build.0 = Debug|Any CPU
		{0BA6263C-036E-D314-455E-DB606F16AC2E}.Release|Any CPU.ActiveCfg = Release|Any CPU
		{0BA6263C-036E-D314-455E-DB606F16AC2E}.Release|Any CPU.Build.0 = Release|Any CPU
		{EA547775-A263-6D5D-029C-E689F322131A}.Debug|Any CPU.ActiveCfg = Debug|Any CPU
		{EA547775-A263-6D5D-029C-E689F322131A}.Debug|Any CPU.Build.0 = Debug|Any CPU
		{EA547775-A263-6D5D-029C-E689F322131A}.Release|Any CPU.ActiveCfg = Release|Any CPU
		{EA547775-A263-6D5D-029C-E689F322131A}.Release|Any CPU.Build.0 = Release|Any CPU
		{F19FFC88-7F54-32F2-3C09-5C589B3051DD}.Debug|Any CPU.ActiveCfg = Debug|Any CPU
		{F19FFC88-7F54-32F2-3C09-5C589B3051DD}.Debug|Any CPU.Build.0 = Debug|Any CPU
		{F19FFC88-7F54-32F2-3C09-5C589B3051DD}.Release|Any CPU.ActiveCfg = Release|Any CPU
		{F19FFC88-7F54-32F2-3C09-5C589B3051DD}.Release|Any CPU.Build.0 = Release|Any CPU
		{F344C2CA-054D-FBC7-5F17-7DA53F8F08E2}.Debug|Any CPU.ActiveCfg = Debug|Any CPU
		{F344C2CA-054D-FBC7-5F17-7DA53F8F08E2}.Debug|Any CPU.Build.0 = Debug|Any CPU
		{F344C2CA-054D-FBC7-5F17-7DA53F8F08E2}.Release|Any CPU.ActiveCfg = Release|Any CPU
		{F344C2CA-054D-FBC7-5F17-7DA53F8F08E2}.Release|Any CPU.Build.0 = Release|Any CPU
		{40FBA6AC-5F1A-410A-752D-D7C670884079}.Debug|Any CPU.ActiveCfg = Debug|Any CPU
		{40FBA6AC-5F1A-410A-752D-D7C670884079}.Debug|Any CPU.Build.0 = Debug|Any CPU
		{40FBA6AC-5F1A-410A-752D-D7C670884079}.Release|Any CPU.ActiveCfg = Release|Any CPU
		{40FBA6AC-5F1A-410A-752D-D7C670884079}.Release|Any CPU.Build.0 = Release|Any CPU
		{D53286C0-2F9B-5B42-781D-A3B91AD30307}.Debug|Any CPU.ActiveCfg = Debug|Any CPU
		{D53286C0-2F9B-5B42-781D-A3B91AD30307}.Debug|Any CPU.Build.0 = Debug|Any CPU
		{D53286C0-2F9B-5B42-781D-A3B91AD30307}.Release|Any CPU.ActiveCfg = Release|Any CPU
		{D53286C0-2F9B-5B42-781D-A3B91AD30307}.Release|Any CPU.Build.0 = Release|Any CPU
		{CB63D80B-098D-266E-F2BB-ADB7AF6FAE2D}.Debug|Any CPU.ActiveCfg = Debug|Any CPU
		{CB63D80B-098D-266E-F2BB-ADB7AF6FAE2D}.Debug|Any CPU.Build.0 = Debug|Any CPU
		{CB63D80B-098D-266E-F2BB-ADB7AF6FAE2D}.Release|Any CPU.ActiveCfg = Release|Any CPU
		{CB63D80B-098D-266E-F2BB-ADB7AF6FAE2D}.Release|Any CPU.Build.0 = Release|Any CPU
		{D9A1231D-87A2-BB1B-8377-BDB677A1D1BF}.Debug|Any CPU.ActiveCfg = Debug|Any CPU
		{D9A1231D-87A2-BB1B-8377-BDB677A1D1BF}.Debug|Any CPU.Build.0 = Debug|Any CPU
		{D9A1231D-87A2-BB1B-8377-BDB677A1D1BF}.Release|Any CPU.ActiveCfg = Release|Any CPU
		{D9A1231D-87A2-BB1B-8377-BDB677A1D1BF}.Release|Any CPU.Build.0 = Release|Any CPU
		{C2594C16-90E7-0031-C046-B30B0B4BBDE5}.Debug|Any CPU.ActiveCfg = Debug|Any CPU
		{C2594C16-90E7-0031-C046-B30B0B4BBDE5}.Debug|Any CPU.Build.0 = Debug|Any CPU
		{C2594C16-90E7-0031-C046-B30B0B4BBDE5}.Release|Any CPU.ActiveCfg = Release|Any CPU
		{C2594C16-90E7-0031-C046-B30B0B4BBDE5}.Release|Any CPU.Build.0 = Release|Any CPU
		{7D8B5AAC-390F-C91B-87E2-014C623CAB55}.Debug|Any CPU.ActiveCfg = Debug|Any CPU
		{7D8B5AAC-390F-C91B-87E2-014C623CAB55}.Debug|Any CPU.Build.0 = Debug|Any CPU
		{7D8B5AAC-390F-C91B-87E2-014C623CAB55}.Release|Any CPU.ActiveCfg = Release|Any CPU
		{7D8B5AAC-390F-C91B-87E2-014C623CAB55}.Release|Any CPU.Build.0 = Release|Any CPU
		{6AB36BD3-F73F-585A-8E86-C4DE8A2A51A9}.Debug|Any CPU.ActiveCfg = Debug|Any CPU
		{6AB36BD3-F73F-585A-8E86-C4DE8A2A51A9}.Debug|Any CPU.Build.0 = Debug|Any CPU
		{6AB36BD3-F73F-585A-8E86-C4DE8A2A51A9}.Release|Any CPU.ActiveCfg = Release|Any CPU
		{6AB36BD3-F73F-585A-8E86-C4DE8A2A51A9}.Release|Any CPU.Build.0 = Release|Any CPU
		{04907517-D6B5-45D4-5E2F-2E5C42C79971}.Debug|Any CPU.ActiveCfg = Debug|Any CPU
		{04907517-D6B5-45D4-5E2F-2E5C42C79971}.Debug|Any CPU.Build.0 = Debug|Any CPU
		{04907517-D6B5-45D4-5E2F-2E5C42C79971}.Release|Any CPU.ActiveCfg = Release|Any CPU
		{04907517-D6B5-45D4-5E2F-2E5C42C79971}.Release|Any CPU.Build.0 = Release|Any CPU
		{23ECC164-61B8-3B17-2A53-3E28C1C0CF2E}.Debug|Any CPU.ActiveCfg = Debug|Any CPU
		{23ECC164-61B8-3B17-2A53-3E28C1C0CF2E}.Debug|Any CPU.Build.0 = Debug|Any CPU
		{23ECC164-61B8-3B17-2A53-3E28C1C0CF2E}.Release|Any CPU.ActiveCfg = Release|Any CPU
		{23ECC164-61B8-3B17-2A53-3E28C1C0CF2E}.Release|Any CPU.Build.0 = Release|Any CPU
		{B61C7378-DC77-C3C6-054D-43C1ECA14566}.Debug|Any CPU.ActiveCfg = Debug|Any CPU
		{B61C7378-DC77-C3C6-054D-43C1ECA14566}.Debug|Any CPU.Build.0 = Debug|Any CPU
		{B61C7378-DC77-C3C6-054D-43C1ECA14566}.Release|Any CPU.ActiveCfg = Release|Any CPU
		{B61C7378-DC77-C3C6-054D-43C1ECA14566}.Release|Any CPU.Build.0 = Release|Any CPU
		{47597648-BFB8-F01A-F203-F2FC240440B9}.Debug|Any CPU.ActiveCfg = Debug|Any CPU
		{47597648-BFB8-F01A-F203-F2FC240440B9}.Debug|Any CPU.Build.0 = Debug|Any CPU
		{47597648-BFB8-F01A-F203-F2FC240440B9}.Release|Any CPU.ActiveCfg = Release|Any CPU
		{47597648-BFB8-F01A-F203-F2FC240440B9}.Release|Any CPU.Build.0 = Release|Any CPU
		{6FBC7101-C304-D1F9-9499-36B0EBD8D5D4}.Debug|Any CPU.ActiveCfg = Debug|Any CPU
		{6FBC7101-C304-D1F9-9499-36B0EBD8D5D4}.Debug|Any CPU.Build.0 = Debug|Any CPU
		{6FBC7101-C304-D1F9-9499-36B0EBD8D5D4}.Release|Any CPU.ActiveCfg = Release|Any CPU
		{6FBC7101-C304-D1F9-9499-36B0EBD8D5D4}.Release|Any CPU.Build.0 = Release|Any CPU
		{8125730B-FFD6-B266-4C15-01A687DDB4E7}.Debug|Any CPU.ActiveCfg = Debug|Any CPU
		{8125730B-FFD6-B266-4C15-01A687DDB4E7}.Debug|Any CPU.Build.0 = Debug|Any CPU
		{8125730B-FFD6-B266-4C15-01A687DDB4E7}.Release|Any CPU.ActiveCfg = Release|Any CPU
		{8125730B-FFD6-B266-4C15-01A687DDB4E7}.Release|Any CPU.Build.0 = Release|Any CPU
		{4B9E7A40-2FC9-3B0D-1D57-2676C3C1A193}.Debug|Any CPU.ActiveCfg = Debug|Any CPU
		{4B9E7A40-2FC9-3B0D-1D57-2676C3C1A193}.Debug|Any CPU.Build.0 = Debug|Any CPU
		{4B9E7A40-2FC9-3B0D-1D57-2676C3C1A193}.Release|Any CPU.ActiveCfg = Release|Any CPU
		{4B9E7A40-2FC9-3B0D-1D57-2676C3C1A193}.Release|Any CPU.Build.0 = Release|Any CPU
		{ACA3B3C0-AAC3-19DB-BDCC-0EFC79EAB0C3}.Debug|Any CPU.ActiveCfg = Debug|Any CPU
		{ACA3B3C0-AAC3-19DB-BDCC-0EFC79EAB0C3}.Debug|Any CPU.Build.0 = Debug|Any CPU
		{ACA3B3C0-AAC3-19DB-BDCC-0EFC79EAB0C3}.Release|Any CPU.ActiveCfg = Release|Any CPU
		{ACA3B3C0-AAC3-19DB-BDCC-0EFC79EAB0C3}.Release|Any CPU.Build.0 = Release|Any CPU
		{A5973E4E-B884-ADE1-60A4-6E6D6B863C46}.Debug|Any CPU.ActiveCfg = Debug|Any CPU
		{A5973E4E-B884-ADE1-60A4-6E6D6B863C46}.Debug|Any CPU.Build.0 = Debug|Any CPU
		{A5973E4E-B884-ADE1-60A4-6E6D6B863C46}.Release|Any CPU.ActiveCfg = Release|Any CPU
		{A5973E4E-B884-ADE1-60A4-6E6D6B863C46}.Release|Any CPU.Build.0 = Release|Any CPU
		{08C1C74B-E115-46F9-6ED1-F81AA7C38532}.Debug|Any CPU.ActiveCfg = Debug|Any CPU
		{08C1C74B-E115-46F9-6ED1-F81AA7C38532}.Debug|Any CPU.Build.0 = Debug|Any CPU
		{08C1C74B-E115-46F9-6ED1-F81AA7C38532}.Release|Any CPU.ActiveCfg = Release|Any CPU
		{08C1C74B-E115-46F9-6ED1-F81AA7C38532}.Release|Any CPU.Build.0 = Release|Any CPU
		{5DFA122B-F641-BF94-FEEE-5703B4F15F1A}.Debug|Any CPU.ActiveCfg = Debug|Any CPU
		{5DFA122B-F641-BF94-FEEE-5703B4F15F1A}.Debug|Any CPU.Build.0 = Debug|Any CPU
		{5DFA122B-F641-BF94-FEEE-5703B4F15F1A}.Release|Any CPU.ActiveCfg = Release|Any CPU
		{5DFA122B-F641-BF94-FEEE-5703B4F15F1A}.Release|Any CPU.Build.0 = Release|Any CPU
		{CCC1801F-F570-A66C-3E2C-BA8F3C9116B7}.Debug|Any CPU.ActiveCfg = Debug|Any CPU
		{CCC1801F-F570-A66C-3E2C-BA8F3C9116B7}.Debug|Any CPU.Build.0 = Debug|Any CPU
		{CCC1801F-F570-A66C-3E2C-BA8F3C9116B7}.Release|Any CPU.ActiveCfg = Release|Any CPU
		{CCC1801F-F570-A66C-3E2C-BA8F3C9116B7}.Release|Any CPU.Build.0 = Release|Any CPU
		{B9D64F62-AEB7-0218-703F-7214CCD97FFA}.Debug|Any CPU.ActiveCfg = Debug|Any CPU
		{B9D64F62-AEB7-0218-703F-7214CCD97FFA}.Debug|Any CPU.Build.0 = Debug|Any CPU
		{B9D64F62-AEB7-0218-703F-7214CCD97FFA}.Release|Any CPU.ActiveCfg = Release|Any CPU
		{B9D64F62-AEB7-0218-703F-7214CCD97FFA}.Release|Any CPU.Build.0 = Release|Any CPU
		{74DEBDF3-2483-B1B2-3AB5-9C82B9475795}.Debug|Any CPU.ActiveCfg = Debug|Any CPU
		{74DEBDF3-2483-B1B2-3AB5-9C82B9475795}.Debug|Any CPU.Build.0 = Debug|Any CPU
		{74DEBDF3-2483-B1B2-3AB5-9C82B9475795}.Release|Any CPU.ActiveCfg = Release|Any CPU
		{74DEBDF3-2483-B1B2-3AB5-9C82B9475795}.Release|Any CPU.Build.0 = Release|Any CPU
		{A8FE27B6-EA00-3802-CB6E-83E23649463D}.Debug|Any CPU.ActiveCfg = Debug|Any CPU
		{A8FE27B6-EA00-3802-CB6E-83E23649463D}.Debug|Any CPU.Build.0 = Debug|Any CPU
		{A8FE27B6-EA00-3802-CB6E-83E23649463D}.Release|Any CPU.ActiveCfg = Release|Any CPU
		{A8FE27B6-EA00-3802-CB6E-83E23649463D}.Release|Any CPU.Build.0 = Release|Any CPU
		{D8194D7B-CC13-C96E-15CB-6395DE00C790}.Debug|Any CPU.ActiveCfg = Debug|Any CPU
		{D8194D7B-CC13-C96E-15CB-6395DE00C790}.Debug|Any CPU.Build.0 = Debug|Any CPU
		{D8194D7B-CC13-C96E-15CB-6395DE00C790}.Release|Any CPU.ActiveCfg = Release|Any CPU
		{D8194D7B-CC13-C96E-15CB-6395DE00C790}.Release|Any CPU.Build.0 = Release|Any CPU
		{211B26C0-B3C1-8802-9FF3-8BA9D6628271}.Debug|Any CPU.ActiveCfg = Debug|Any CPU
		{211B26C0-B3C1-8802-9FF3-8BA9D6628271}.Debug|Any CPU.Build.0 = Debug|Any CPU
		{211B26C0-B3C1-8802-9FF3-8BA9D6628271}.Release|Any CPU.ActiveCfg = Release|Any CPU
		{211B26C0-B3C1-8802-9FF3-8BA9D6628271}.Release|Any CPU.Build.0 = Release|Any CPU
		{A0E9980E-3D96-98EE-D83A-D233AE7201B5}.Debug|Any CPU.ActiveCfg = Debug|Any CPU
		{A0E9980E-3D96-98EE-D83A-D233AE7201B5}.Debug|Any CPU.Build.0 = Debug|Any CPU
		{A0E9980E-3D96-98EE-D83A-D233AE7201B5}.Release|Any CPU.ActiveCfg = Release|Any CPU
		{A0E9980E-3D96-98EE-D83A-D233AE7201B5}.Release|Any CPU.Build.0 = Release|Any CPU
		{E8BDDA6B-CAA0-7DA9-0907-06893651CCDA}.Debug|Any CPU.ActiveCfg = Debug|Any CPU
		{E8BDDA6B-CAA0-7DA9-0907-06893651CCDA}.Debug|Any CPU.Build.0 = Debug|Any CPU
		{E8BDDA6B-CAA0-7DA9-0907-06893651CCDA}.Release|Any CPU.ActiveCfg = Release|Any CPU
		{E8BDDA6B-CAA0-7DA9-0907-06893651CCDA}.Release|Any CPU.Build.0 = Release|Any CPU
		{E717635F-B70D-7AF1-DF44-C32126661E18}.Debug|Any CPU.ActiveCfg = Debug|Any CPU
		{E717635F-B70D-7AF1-DF44-C32126661E18}.Debug|Any CPU.Build.0 = Debug|Any CPU
		{E717635F-B70D-7AF1-DF44-C32126661E18}.Release|Any CPU.ActiveCfg = Release|Any CPU
		{E717635F-B70D-7AF1-DF44-C32126661E18}.Release|Any CPU.Build.0 = Release|Any CPU
		{BC7F7D26-ACA4-E9D5-FDFB-DB17619960D1}.Debug|Any CPU.ActiveCfg = Debug|Any CPU
		{BC7F7D26-ACA4-E9D5-FDFB-DB17619960D1}.Debug|Any CPU.Build.0 = Debug|Any CPU
		{BC7F7D26-ACA4-E9D5-FDFB-DB17619960D1}.Release|Any CPU.ActiveCfg = Release|Any CPU
		{BC7F7D26-ACA4-E9D5-FDFB-DB17619960D1}.Release|Any CPU.Build.0 = Release|Any CPU
		{C6289867-6E10-5E85-4ED0-28E375648FE1}.Debug|Any CPU.ActiveCfg = Debug|Any CPU
		{C6289867-6E10-5E85-4ED0-28E375648FE1}.Debug|Any CPU.Build.0 = Debug|Any CPU
		{C6289867-6E10-5E85-4ED0-28E375648FE1}.Release|Any CPU.ActiveCfg = Release|Any CPU
		{C6289867-6E10-5E85-4ED0-28E375648FE1}.Release|Any CPU.Build.0 = Release|Any CPU
	EndGlobalSection
	GlobalSection(SolutionProperties) = preSolution
		HideSolutionNode = FALSE
	EndGlobalSection
EndGlobal
