
Microsoft Visual Studio Solution File, Format Version 12.00
# Visual Studio 15
Project("{FAE04EC0-301F-11D3-BF4B-00C04F79EFBC}") = "PhotonRealtime", "PhotonRealtime.csproj", "{08B26506-AACB-1C3C-F9D5-0815C441526C}"
EndProject
Project("{FAE04EC0-301F-11D3-BF4B-00C04F79EFBC}") = "PhotonUnityNetworking.Demos", "PhotonUnityNetworking.Demos.csproj", "{1762D3C5-DC96-3E4D-0982-517811ABC57E}"
EndProject
Project("{FAE04EC0-301F-11D3-BF4B-00C04F79EFBC}") = "PhotonChat", "PhotonChat.csproj", "{7D078B3B-843B-7BFB-8CC9-14AC2A1AD341}"
EndProject
Project("{FAE04EC0-301F-11D3-BF4B-00C04F79EFBC}") = "Assembly-CSharp", "Assembly-CSharp.csproj", "{9EA8F257-4E51-C867-51BC-FE0D38322B80}"
EndProject
Project("{FAE04EC0-301F-11D3-BF4B-00C04F79EFBC}") = "PhotonUnityNetworking", "PhotonUnityNetworking.csproj", "{5E6299DD-473E-C31E-C179-8D26ADB5EE84}"
EndProject
Project("{FAE04EC0-301F-11D3-BF4B-00C04F79EFBC}") = "PhotonUnityNetworking.Editor", "PhotonUnityNetworking.Editor.csproj", "{2C7A4CDE-BF7D-800F-1501-F1181496FC5C}"
EndProject
Project("{FAE04EC0-301F-11D3-BF4B-00C04F79EFBC}") = "PhotonUnityNetworking.Utilities.Culling.Editor", "PhotonUnityNetworking.Utilities.Culling.Editor.csproj", "{CC0F953D-88D7-3250-FD55-86F7BF04E5EE}"
EndProject
Project("{FAE04EC0-301F-11D3-BF4B-00C04F79EFBC}") = "PunDemos.DemoSlotcarEditor", "PunDemos.DemoSlotcarEditor.csproj", "{C1F2537E-E320-A2EF-49B0-B81BF93341E8}"
EndProject
Project("{FAE04EC0-301F-11D3-BF4B-00C04F79EFBC}") = "PhotonUnityNetworking.Utilities", "PhotonUnityNetworking.Utilities.csproj", "{610B7C56-E1AA-4F1C-08C0-35CAEB4703E7}"
EndProject
Project("{FAE04EC0-301F-11D3-BF4B-00C04F79EFBC}") = "Assembly-CSharp-Editor", "Assembly-CSharp-Editor.csproj", "{969E4BBE-6BA4-C05C-5D1C-B1B913AA7186}"
EndProject
Project("{FAE04EC0-301F-11D3-BF4B-00C04F79EFBC}") = "PhotonUnityNetworking.Utilities.PhotonPlayer.Editor", "PhotonUnityNetworking.Utilities.PhotonPlayer.Editor.csproj", "{CE97E7D0-EA32-D4FC-3354-BCE2B37FFF98}"
EndProject
Project("{FAE04EC0-301F-11D3-BF4B-00C04F79EFBC}") = "PunDemos.DemoHubEditor", "PunDemos.DemoHubEditor.csproj", "{4EE3A80C-0D2F-A33E-799B-3EE2F619CD5D}"
EndProject
Global
	GlobalSection(SolutionConfigurationPlatforms) = preSolution
		Debug|Any CPU = Debug|Any CPU
		Release|Any CPU = Release|Any CPU
	EndGlobalSection
	GlobalSection(ProjectConfigurationPlatforms) = postSolution
		{08B26506-AACB-1C3C-F9D5-0815C441526C}.Debug|Any CPU.ActiveCfg = Debug|Any CPU
		{08B26506-AACB-1C3C-F9D5-0815C441526C}.Debug|Any CPU.Build.0 = Debug|Any CPU
		{08B26506-AACB-1C3C-F9D5-0815C441526C}.Release|Any CPU.ActiveCfg = Release|Any CPU
		{08B26506-AACB-1C3C-F9D5-0815C441526C}.Release|Any CPU.Build.0 = Release|Any CPU
		{1762D3C5-DC96-3E4D-0982-517811ABC57E}.Debug|Any CPU.ActiveCfg = Debug|Any CPU
		{1762D3C5-DC96-3E4D-0982-517811ABC57E}.Debug|Any CPU.Build.0 = Debug|Any CPU
		{1762D3C5-DC96-3E4D-0982-517811ABC57E}.Release|Any CPU.ActiveCfg = Release|Any CPU
		{1762D3C5-DC96-3E4D-0982-517811ABC57E}.Release|Any CPU.Build.0 = Release|Any CPU
		{7D078B3B-843B-7BFB-8CC9-14AC2A1AD341}.Debug|Any CPU.ActiveCfg = Debug|Any CPU
		{7D078B3B-843B-7BFB-8CC9-14AC2A1AD341}.Debug|Any CPU.Build.0 = Debug|Any CPU
		{7D078B3B-843B-7BFB-8CC9-14AC2A1AD341}.Release|Any CPU.ActiveCfg = Release|Any CPU
		{7D078B3B-843B-7BFB-8CC9-14AC2A1AD341}.Release|Any CPU.Build.0 = Release|Any CPU
		{9EA8F257-4E51-C867-51BC-FE0D38322B80}.Debug|Any CPU.ActiveCfg = Debug|Any CPU
		{9EA8F257-4E51-C867-51BC-FE0D38322B80}.Debug|Any CPU.Build.0 = Debug|Any CPU
		{9EA8F257-4E51-C867-51BC-FE0D38322B80}.Release|Any CPU.ActiveCfg = Release|Any CPU
		{9EA8F257-4E51-C867-51BC-FE0D38322B80}.Release|Any CPU.Build.0 = Release|Any CPU
		{5E6299DD-473E-C31E-C179-8D26ADB5EE84}.Debug|Any CPU.ActiveCfg = Debug|Any CPU
		{5E6299DD-473E-C31E-C179-8D26ADB5EE84}.Debug|Any CPU.Build.0 = Debug|Any CPU
		{5E6299DD-473E-C31E-C179-8D26ADB5EE84}.Release|Any CPU.ActiveCfg = Release|Any CPU
		{5E6299DD-473E-C31E-C179-8D26ADB5EE84}.Release|Any CPU.Build.0 = Release|Any CPU
		{2C7A4CDE-BF7D-800F-1501-F1181496FC5C}.Debug|Any CPU.ActiveCfg = Debug|Any CPU
		{2C7A4CDE-BF7D-800F-1501-F1181496FC5C}.Debug|Any CPU.Build.0 = Debug|Any CPU
		{2C7A4CDE-BF7D-800F-1501-F1181496FC5C}.Release|Any CPU.ActiveCfg = Release|Any CPU
		{2C7A4CDE-BF7D-800F-1501-F1181496FC5C}.Release|Any CPU.Build.0 = Release|Any CPU
		{CC0F953D-88D7-3250-FD55-86F7BF04E5EE}.Debug|Any CPU.ActiveCfg = Debug|Any CPU
		{CC0F953D-88D7-3250-FD55-86F7BF04E5EE}.Debug|Any CPU.Build.0 = Debug|Any CPU
		{CC0F953D-88D7-3250-FD55-86F7BF04E5EE}.Release|Any CPU.ActiveCfg = Release|Any CPU
		{CC0F953D-88D7-3250-FD55-86F7BF04E5EE}.Release|Any CPU.Build.0 = Release|Any CPU
		{C1F2537E-E320-A2EF-49B0-B81BF93341E8}.Debug|Any CPU.ActiveCfg = Debug|Any CPU
		{C1F2537E-E320-A2EF-49B0-B81BF93341E8}.Debug|Any CPU.Build.0 = Debug|Any CPU
		{C1F2537E-E320-A2EF-49B0-B81BF93341E8}.Release|Any CPU.ActiveCfg = Release|Any CPU
		{C1F2537E-E320-A2EF-49B0-B81BF93341E8}.Release|Any CPU.Build.0 = Release|Any CPU
		{610B7C56-E1AA-4F1C-08C0-35CAEB4703E7}.Debug|Any CPU.ActiveCfg = Debug|Any CPU
		{610B7C56-E1AA-4F1C-08C0-35CAEB4703E7}.Debug|Any CPU.Build.0 = Debug|Any CPU
		{610B7C56-E1AA-4F1C-08C0-35CAEB4703E7}.Release|Any CPU.ActiveCfg = Release|Any CPU
		{610B7C56-E1AA-4F1C-08C0-35CAEB4703E7}.Release|Any CPU.Build.0 = Release|Any CPU
		{969E4BBE-6BA4-C05C-5D1C-B1B913AA7186}.Debug|Any CPU.ActiveCfg = Debug|Any CPU
		{969E4BBE-6BA4-C05C-5D1C-B1B913AA7186}.Debug|Any CPU.Build.0 = Debug|Any CPU
		{969E4BBE-6BA4-C05C-5D1C-B1B913AA7186}.Release|Any CPU.ActiveCfg = Release|Any CPU
		{969E4BBE-6BA4-C05C-5D1C-B1B913AA7186}.Release|Any CPU.Build.0 = Release|Any CPU
		{CE97E7D0-EA32-D4FC-3354-BCE2B37FFF98}.Debug|Any CPU.ActiveCfg = Debug|Any CPU
		{CE97E7D0-EA32-D4FC-3354-BCE2B37FFF98}.Debug|Any CPU.Build.0 = Debug|Any CPU
		{CE97E7D0-EA32-D4FC-3354-BCE2B37FFF98}.Release|Any CPU.ActiveCfg = Release|Any CPU
		{CE97E7D0-EA32-D4FC-3354-BCE2B37FFF98}.Release|Any CPU.Build.0 = Release|Any CPU
		{4EE3A80C-0D2F-A33E-799B-3EE2F619CD5D}.Debug|Any CPU.ActiveCfg = Debug|Any CPU
		{4EE3A80C-0D2F-A33E-799B-3EE2F619CD5D}.Debug|Any CPU.Build.0 = Debug|Any CPU
		{4EE3A80C-0D2F-A33E-799B-3EE2F619CD5D}.Release|Any CPU.ActiveCfg = Release|Any CPU
		{4EE3A80C-0D2F-A33E-799B-3EE2F619CD5D}.Release|Any CPU.Build.0 = Release|Any CPU
	EndGlobalSection
	GlobalSection(SolutionProperties) = preSolution
		HideSolutionNode = FALSE
	EndGlobalSection
EndGlobal
