<Solution>
  <Project Path="AlmostEngine.csproj" />
  <Project Path="Assembly-CSharp.csproj" />
  <Project Path="AlmostEngine.Shared.csproj" />
  <Project Path="Assembly-CSharp-Editor.csproj" />
  <Project Path="Assembly-CSharp-firstpass.csproj" />
  <Project Path="AlmostEngine.Shared.Editor.csproj" />
  <Project Path="AlmostEngine.UltimateScreenshotCreator.Editor.csproj" />
  <Project Path="AlmostEngine.ExcludeFromBuildTool.Editor.csproj" />
  <Project Path="Bezi.Editor.csproj" />
</Solution>
